// !$*UTF8*$!
{
	archiveVersion = 1;
	classes = {
	};
	objectVersion = 77;
	objects = {

/* Begin PBXContainerItemProxy section */
		AB85F5D42CE95F0200022736 /* PBXContainerItemProxy */ = {
			isa = PBXContainerItemProxy;
			containerPortal = AB85F5BB2CE95F0100022736 /* Project object */;
			proxyType = 1;
			remoteGlobalIDString = AB85F5C22CE95F0100022736;
			remoteInfo = PassportVisaPicMaker;
		};
		AB85F5DE2CE95F0200022736 /* PBXContainerItemProxy */ = {
			isa = PBXContainerItemProxy;
			containerPortal = AB85F5BB2CE95F0100022736 /* Project object */;
			proxyType = 1;
			remoteGlobalIDString = AB85F5C22CE95F0100022736;
			remoteInfo = PassportVisaPicMaker;
		};
/* End PBXContainerItemProxy section */

/* Begin PBXFileReference section */
		AB85F5C32CE95F0100022736 /* PassportVisaPicMaker.app */ = {isa = PBXFileReference; explicitFileType = wrapper.application; includeInIndex = 0; path = PassportVisaPicMaker.app; sourceTree = BUILT_PRODUCTS_DIR; };
		AB85F5D32CE95F0200022736 /* PassportVisaPicMakerTests.xctest */ = {isa = PBXFileReference; explicitFileType = wrapper.cfbundle; includeInIndex = 0; path = PassportVisaPicMakerTests.xctest; sourceTree = BUILT_PRODUCTS_DIR; };
		AB85F5DD2CE95F0200022736 /* PassportVisaPicMakerUITests.xctest */ = {isa = PBXFileReference; explicitFileType = wrapper.cfbundle; includeInIndex = 0; path = PassportVisaPicMakerUITests.xctest; sourceTree = BUILT_PRODUCTS_DIR; };
/* End PBXFileReference section */

/* Begin PBXFileSystemSynchronizedRootGroup section */
		AB85F5C52CE95F0100022736 /* PassportVisaPicMaker */ = {
			isa = PBXFileSystemSynchronizedRootGroup;
			path = PassportVisaPicMaker;
			sourceTree = "<group>";
		};
		AB85F5D62CE95F0200022736 /* PassportVisaPicMakerTests */ = {
			isa = PBXFileSystemSynchronizedRootGroup;
			path = PassportVisaPicMakerTests;
			sourceTree = "<group>";
		};
		AB85F5E02CE95F0200022736 /* PassportVisaPicMakerUITests */ = {
			isa = PBXFileSystemSynchronizedRootGroup;
			path = PassportVisaPicMakerUITests;
			sourceTree = "<group>";
		};
/* End PBXFileSystemSynchronizedRootGroup section */

/* Begin PBXFrameworksBuildPhase section */
		AB85F5C02CE95F0100022736 /* Frameworks */ = {
			isa = PBXFrameworksBuildPhase;
			buildActionMask = 2147483647;
			files = (
			);
			runOnlyForDeploymentPostprocessing = 0;
		};
		AB85F5D02CE95F0200022736 /* Frameworks */ = {
			isa = PBXFrameworksBuildPhase;
			buildActionMask = 2147483647;
			files = (
			);
			runOnlyForDeploymentPostprocessing = 0;
		};
		AB85F5DA2CE95F0200022736 /* Frameworks */ = {
			isa = PBXFrameworksBuildPhase;
			buildActionMask = 2147483647;
			files = (
			);
			runOnlyForDeploymentPostprocessing = 0;
		};
/* End PBXFrameworksBuildPhase section */

/* Begin PBXGroup section */
		AB85F5BA2CE95F0100022736 = {
			isa = PBXGroup;
			children = (
				AB85F5C52CE95F0100022736 /* PassportVisaPicMaker */,
				AB85F5D62CE95F0200022736 /* PassportVisaPicMakerTests */,
				AB85F5E02CE95F0200022736 /* PassportVisaPicMakerUITests */,
				AB85F5C42CE95F0100022736 /* Products */,
			);
			sourceTree = "<group>";
		};
		AB85F5C42CE95F0100022736 /* Products */ = {
			isa = PBXGroup;
			children = (
				AB85F5C32CE95F0100022736 /* PassportVisaPicMaker.app */,
				AB85F5D32CE95F0200022736 /* PassportVisaPicMakerTests.xctest */,
				AB85F5DD2CE95F0200022736 /* PassportVisaPicMakerUITests.xctest */,
			);
			name = Products;
			sourceTree = "<group>";
		};
/* End PBXGroup section */

/* Begin PBXNativeTarget section */
		AB85F5C22CE95F0100022736 /* PassportVisaPicMaker */ = {
			isa = PBXNativeTarget;
			buildConfigurationList = AB85F5E72CE95F0200022736 /* Build configuration list for PBXNativeTarget "PassportVisaPicMaker" */;
			buildPhases = (
				AB85F5BF2CE95F0100022736 /* Sources */,
				AB85F5C02CE95F0100022736 /* Frameworks */,
				AB85F5C12CE95F0100022736 /* Resources */,
			);
			buildRules = (
			);
			dependencies = (
			);
			fileSystemSynchronizedGroups = (
				AB85F5C52CE95F0100022736 /* PassportVisaPicMaker */,
			);
			name = PassportVisaPicMaker;
			packageProductDependencies = (
			);
			productName = PassportVisaPicMaker;
			productReference = AB85F5C32CE95F0100022736 /* PassportVisaPicMaker.app */;
			productType = "com.apple.product-type.application";
		};
		AB85F5D22CE95F0200022736 /* PassportVisaPicMakerTests */ = {
			isa = PBXNativeTarget;
			buildConfigurationList = AB85F5EA2CE95F0200022736 /* Build configuration list for PBXNativeTarget "PassportVisaPicMakerTests" */;
			buildPhases = (
				AB85F5CF2CE95F0200022736 /* Sources */,
				AB85F5D02CE95F0200022736 /* Frameworks */,
				AB85F5D12CE95F0200022736 /* Resources */,
			);
			buildRules = (
			);
			dependencies = (
				AB85F5D52CE95F0200022736 /* PBXTargetDependency */,
			);
			fileSystemSynchronizedGroups = (
				AB85F5D62CE95F0200022736 /* PassportVisaPicMakerTests */,
			);
			name = PassportVisaPicMakerTests;
			packageProductDependencies = (
			);
			productName = PassportVisaPicMakerTests;
			productReference = AB85F5D32CE95F0200022736 /* PassportVisaPicMakerTests.xctest */;
			productType = "com.apple.product-type.bundle.unit-test";
		};
		AB85F5DC2CE95F0200022736 /* PassportVisaPicMakerUITests */ = {
			isa = PBXNativeTarget;
			buildConfigurationList = AB85F5ED2CE95F0200022736 /* Build configuration list for PBXNativeTarget "PassportVisaPicMakerUITests" */;
			buildPhases = (
				AB85F5D92CE95F0200022736 /* Sources */,
				AB85F5DA2CE95F0200022736 /* Frameworks */,
				AB85F5DB2CE95F0200022736 /* Resources */,
			);
			buildRules = (
			);
			dependencies = (
				AB85F5DF2CE95F0200022736 /* PBXTargetDependency */,
			);
			fileSystemSynchronizedGroups = (
				AB85F5E02CE95F0200022736 /* PassportVisaPicMakerUITests */,
			);
			name = PassportVisaPicMakerUITests;
			packageProductDependencies = (
			);
			productName = PassportVisaPicMakerUITests;
			productReference = AB85F5DD2CE95F0200022736 /* PassportVisaPicMakerUITests.xctest */;
			productType = "com.apple.product-type.bundle.ui-testing";
		};
/* End PBXNativeTarget section */

/* Begin PBXProject section */
		AB85F5BB2CE95F0100022736 /* Project object */ = {
			isa = PBXProject;
			attributes = {
				BuildIndependentTargetsInParallel = 1;
				LastSwiftUpdateCheck = 1610;
				LastUpgradeCheck = 1610;
				TargetAttributes = {
					AB85F5C22CE95F0100022736 = {
						CreatedOnToolsVersion = 16.1;
					};
					AB85F5D22CE95F0200022736 = {
						CreatedOnToolsVersion = 16.1;
						TestTargetID = AB85F5C22CE95F0100022736;
					};
					AB85F5DC2CE95F0200022736 = {
						CreatedOnToolsVersion = 16.1;
						TestTargetID = AB85F5C22CE95F0100022736;
					};
				};
			};
			buildConfigurationList = AB85F5BE2CE95F0100022736 /* Build configuration list for PBXProject "PassportVisaPicMaker" */;
			developmentRegion = en;
			hasScannedForEncodings = 0;
			knownRegions = (
				en,
				Base,
			);
			mainGroup = AB85F5BA2CE95F0100022736;
			minimizedProjectReferenceProxies = 1;
			preferredProjectObjectVersion = 77;
			productRefGroup = AB85F5C42CE95F0100022736 /* Products */;
			projectDirPath = "";
			projectRoot = "";
			targets = (
				AB85F5C22CE95F0100022736 /* PassportVisaPicMaker */,
				AB85F5D22CE95F0200022736 /* PassportVisaPicMakerTests */,
				AB85F5DC2CE95F0200022736 /* PassportVisaPicMakerUITests */,
			);
		};
/* End PBXProject section */

/* Begin PBXResourcesBuildPhase section */
		AB85F5C12CE95F0100022736 /* Resources */ = {
			isa = PBXResourcesBuildPhase;
			buildActionMask = 2147483647;
			files = (
			);
			runOnlyForDeploymentPostprocessing = 0;
		};
		AB85F5D12CE95F0200022736 /* Resources */ = {
			isa = PBXResourcesBuildPhase;
			buildActionMask = 2147483647;
			files = (
			);
			runOnlyForDeploymentPostprocessing = 0;
		};
		AB85F5DB2CE95F0200022736 /* Resources */ = {
			isa = PBXResourcesBuildPhase;
			buildActionMask = 2147483647;
			files = (
			);
			runOnlyForDeploymentPostprocessing = 0;
		};
/* End PBXResourcesBuildPhase section */

/* Begin PBXSourcesBuildPhase section */
		AB85F5BF2CE95F0100022736 /* Sources */ = {
			isa = PBXSourcesBuildPhase;
			buildActionMask = 2147483647;
			files = (
			);
			runOnlyForDeploymentPostprocessing = 0;
		};
		AB85F5CF2CE95F0200022736 /* Sources */ = {
			isa = PBXSourcesBuildPhase;
			buildActionMask = 2147483647;
			files = (
			);
			runOnlyForDeploymentPostprocessing = 0;
		};
		AB85F5D92CE95F0200022736 /* Sources */ = {
			isa = PBXSourcesBuildPhase;
			buildActionMask = 2147483647;
			files = (
			);
			runOnlyForDeploymentPostprocessing = 0;
		};
/* End PBXSourcesBuildPhase section */

/* Begin PBXTargetDependency section */
		AB85F5D52CE95F0200022736 /* PBXTargetDependency */ = {
			isa = PBXTargetDependency;
			target = AB85F5C22CE95F0100022736 /* PassportVisaPicMaker */;
			targetProxy = AB85F5D42CE95F0200022736 /* PBXContainerItemProxy */;
		};
		AB85F5DF2CE95F0200022736 /* PBXTargetDependency */ = {
			isa = PBXTargetDependency;
			target = AB85F5C22CE95F0100022736 /* PassportVisaPicMaker */;
			targetProxy = AB85F5DE2CE95F0200022736 /* PBXContainerItemProxy */;
		};
/* End PBXTargetDependency section */

/* Begin XCBuildConfiguration section */
		AB85F5E52CE95F0200022736 /* Debug */ = {
			isa = XCBuildConfiguration;
			buildSettings = {
				ALWAYS_SEARCH_USER_PATHS = NO;
				ASSETCATALOG_COMPILER_GENERATE_SWIFT_ASSET_SYMBOL_EXTENSIONS = YES;
				CLANG_ANALYZER_NONNULL = YES;
				CLANG_ANALYZER_NUMBER_OBJECT_CONVERSION = YES_AGGRESSIVE;
				CLANG_CXX_LANGUAGE_STANDARD = "gnu++20";
				CLANG_ENABLE_MODULES = YES;
				CLANG_ENABLE_OBJC_ARC = YES;
				CLANG_ENABLE_OBJC_WEAK = YES;
				CLANG_WARN_BLOCK_CAPTURE_AUTORELEASING = YES;
				CLANG_WARN_BOOL_CONVERSION = YES;
				CLANG_WARN_COMMA = YES;
				CLANG_WARN_CONSTANT_CONVERSION = YES;
				CLANG_WARN_DEPRECATED_OBJC_IMPLEMENTATIONS = YES;
				CLANG_WARN_DIRECT_OBJC_ISA_USAGE = YES_ERROR;
				CLANG_WARN_DOCUMENTATION_COMMENTS = YES;
				CLANG_WARN_EMPTY_BODY = YES;
				CLANG_WARN_ENUM_CONVERSION = YES;
				CLANG_WARN_INFINITE_RECURSION = YES;
				CLANG_WARN_INT_CONVERSION = YES;
				CLANG_WARN_NON_LITERAL_NULL_CONVERSION = YES;
				CLANG_WARN_OBJC_IMPLICIT_RETAIN_SELF = YES;
				CLANG_WARN_OBJC_LITERAL_CONVERSION = YES;
				CLANG_WARN_OBJC_ROOT_CLASS = YES_ERROR;
				CLANG_WARN_QUOTED_INCLUDE_IN_FRAMEWORK_HEADER = YES;
				CLANG_WARN_RANGE_LOOP_ANALYSIS = YES;
				CLANG_WARN_STRICT_PROTOTYPES = YES;
				CLANG_WARN_SUSPICIOUS_MOVE = YES;
				CLANG_WARN_UNGUARDED_AVAILABILITY = YES_AGGRESSIVE;
				CLANG_WARN_UNREACHABLE_CODE = YES;
				CLANG_WARN__DUPLICATE_METHOD_MATCH = YES;
				COPY_PHASE_STRIP = NO;
				DEBUG_INFORMATION_FORMAT = dwarf;
				ENABLE_STRICT_OBJC_MSGSEND = YES;
				ENABLE_TESTABILITY = YES;
				ENABLE_USER_SCRIPT_SANDBOXING = YES;
				GCC_C_LANGUAGE_STANDARD = gnu17;
				GCC_DYNAMIC_NO_PIC = NO;
				GCC_NO_COMMON_BLOCKS = YES;
				GCC_OPTIMIZATION_LEVEL = 0;
				GCC_PREPROCESSOR_DEFINITIONS = (
					"DEBUG=1",
					"$(inherited)",
				);
				GCC_WARN_64_TO_32_BIT_CONVERSION = YES;
				GCC_WARN_ABOUT_RETURN_TYPE = YES_ERROR;
				GCC_WARN_UNDECLARED_SELECTOR = YES;
				GCC_WARN_UNINITIALIZED_AUTOS = YES_AGGRESSIVE;
				GCC_WARN_UNUSED_FUNCTION = YES;
				GCC_WARN_UNUSED_VARIABLE = YES;
				IPHONEOS_DEPLOYMENT_TARGET = 18.1;
				LOCALIZATION_PREFERS_STRING_CATALOGS = YES;
				MTL_ENABLE_DEBUG_INFO = INCLUDE_SOURCE;
				MTL_FAST_MATH = YES;
				ONLY_ACTIVE_ARCH = YES;
				SDKROOT = iphoneos;
				SWIFT_ACTIVE_COMPILATION_CONDITIONS = "DEBUG $(inherited)";
				SWIFT_OPTIMIZATION_LEVEL = "-Onone";
			};
			name = Debug;
		};
		AB85F5E62CE95F0200022736 /* Release */ = {
			isa = XCBuildConfiguration;
			buildSettings = {
				ALWAYS_SEARCH_USER_PATHS = NO;
				ASSETCATALOG_COMPILER_GENERATE_SWIFT_ASSET_SYMBOL_EXTENSIONS = YES;
				CLANG_ANALYZER_NONNULL = YES;
				CLANG_ANALYZER_NUMBER_OBJECT_CONVERSION = YES_AGGRESSIVE;
				CLANG_CXX_LANGUAGE_STANDARD = "gnu++20";
				CLANG_ENABLE_MODULES = YES;
				CLANG_ENABLE_OBJC_ARC = YES;
				CLANG_ENABLE_OBJC_WEAK = YES;
				CLANG_WARN_BLOCK_CAPTURE_AUTORELEASING = YES;
				CLANG_WARN_BOOL_CONVERSION = YES;
				CLANG_WARN_COMMA = YES;
				CLANG_WARN_CONSTANT_CONVERSION = YES;
				CLANG_WARN_DEPRECATED_OBJC_IMPLEMENTATIONS = YES;
				CLANG_WARN_DIRECT_OBJC_ISA_USAGE = YES_ERROR;
				CLANG_WARN_DOCUMENTATION_COMMENTS = YES;
				CLANG_WARN_EMPTY_BODY = YES;
				CLANG_WARN_ENUM_CONVERSION = YES;
				CLANG_WARN_INFINITE_RECURSION = YES;
				CLANG_WARN_INT_CONVERSION = YES;
				CLANG_WARN_NON_LITERAL_NULL_CONVERSION = YES;
				CLANG_WARN_OBJC_IMPLICIT_RETAIN_SELF = YES;
				CLANG_WARN_OBJC_LITERAL_CONVERSION = YES;
				CLANG_WARN_OBJC_ROOT_CLASS = YES_ERROR;
				CLANG_WARN_QUOTED_INCLUDE_IN_FRAMEWORK_HEADER = YES;
				CLANG_WARN_RANGE_LOOP_ANALYSIS = YES;
				CLANG_WARN_STRICT_PROTOTYPES = YES;
				CLANG_WARN_SUSPICIOUS_MOVE = YES;
				CLANG_WARN_UNGUARDED_AVAILABILITY = YES_AGGRESSIVE;
				CLANG_WARN_UNREACHABLE_CODE = YES;
				CLANG_WARN__DUPLICATE_METHOD_MATCH = YES;
				COPY_PHASE_STRIP = NO;
				DEBUG_INFORMATION_FORMAT = "dwarf-with-dsym";
				ENABLE_NS_ASSERTIONS = NO;
				ENABLE_STRICT_OBJC_MSGSEND = YES;
				ENABLE_USER_SCRIPT_SANDBOXING = YES;
				GCC_C_LANGUAGE_STANDARD = gnu17;
				GCC_NO_COMMON_BLOCKS = YES;
				GCC_WARN_64_TO_32_BIT_CONVERSION = YES;
				GCC_WARN_ABOUT_RETURN_TYPE = YES_ERROR;
				GCC_WARN_UNDECLARED_SELECTOR = YES;
				GCC_WARN_UNINITIALIZED_AUTOS = YES_AGGRESSIVE;
				GCC_WARN_UNUSED_FUNCTION = YES;
				GCC_WARN_UNUSED_VARIABLE = YES;
				IPHONEOS_DEPLOYMENT_TARGET = 18.1;
				LOCALIZATION_PREFERS_STRING_CATALOGS = YES;
				MTL_ENABLE_DEBUG_INFO = NO;
				MTL_FAST_MATH = YES;
				SDKROOT = iphoneos;
				SWIFT_COMPILATION_MODE = wholemodule;
				VALIDATE_PRODUCT = YES;
			};
			name = Release;
		};
		AB85F5E82CE95F0200022736 /* Debug */ = {
			isa = XCBuildConfiguration;
			buildSettings = {
				ASSETCATALOG_COMPILER_APPICON_NAME = AppIcon;
				ASSETCATALOG_COMPILER_GLOBAL_ACCENT_COLOR_NAME = AccentColor;
				CODE_SIGN_STYLE = Automatic;
				CURRENT_PROJECT_VERSION = 1;
				DEVELOPMENT_ASSET_PATHS = "\"PassportVisaPicMaker/Preview Content\"";
				DEVELOPMENT_TEAM = ZJ7C2RH66U;
				ENABLE_PREVIEWS = YES;
				GENERATE_INFOPLIST_FILE = YES;
				INFOPLIST_KEY_LSApplicationCategoryType = "";
				INFOPLIST_KEY_NSPhotoLibraryAddUsageDescription = "Need access to save the cropped picture";
				INFOPLIST_KEY_UIApplicationSceneManifest_Generation = YES;
				INFOPLIST_KEY_UIApplicationSupportsIndirectInputEvents = YES;
				INFOPLIST_KEY_UILaunchScreen_Generation = YES;
				INFOPLIST_KEY_UISupportedInterfaceOrientations_iPad = "UIInterfaceOrientationPortrait UIInterfaceOrientationPortraitUpsideDown UIInterfaceOrientationLandscapeLeft UIInterfaceOrientationLandscapeRight";
				INFOPLIST_KEY_UISupportedInterfaceOrientations_iPhone = "UIInterfaceOrientationPortrait UIInterfaceOrientationLandscapeLeft UIInterfaceOrientationLandscapeRight";
				IPHONEOS_DEPLOYMENT_TARGET = 15.6;
				LD_RUNPATH_SEARCH_PATHS = (
					"$(inherited)",
					"@executable_path/Frameworks",
				);
				MARKETING_VERSION = 1.0;
				PRODUCT_BUNDLE_IDENTIFIER = com.jas.PassportVisaPicMaker;
				PRODUCT_NAME = "$(TARGET_NAME)";
				SWIFT_EMIT_LOC_STRINGS = YES;
				SWIFT_VERSION = 5.0;
				TARGETED_DEVICE_FAMILY = "1,2";
			};
			name = Debug;
		};
		AB85F5E92CE95F0200022736 /* Release */ = {
			isa = XCBuildConfiguration;
			buildSettings = {
				ASSETCATALOG_COMPILER_APPICON_NAME = AppIcon;
				ASSETCATALOG_COMPILER_GLOBAL_ACCENT_COLOR_NAME = AccentColor;
				CODE_SIGN_STYLE = Automatic;
				CURRENT_PROJECT_VERSION = 1;
				DEVELOPMENT_ASSET_PATHS = "\"PassportVisaPicMaker/Preview Content\"";
				DEVELOPMENT_TEAM = ZJ7C2RH66U;
				ENABLE_PREVIEWS = YES;
				GENERATE_INFOPLIST_FILE = YES;
				INFOPLIST_KEY_LSApplicationCategoryType = "";
				INFOPLIST_KEY_NSPhotoLibraryAddUsageDescription = "Need access to save the cropped picture";
				INFOPLIST_KEY_UIApplicationSceneManifest_Generation = YES;
				INFOPLIST_KEY_UIApplicationSupportsIndirectInputEvents = YES;
				INFOPLIST_KEY_UILaunchScreen_Generation = YES;
				INFOPLIST_KEY_UISupportedInterfaceOrientations_iPad = "UIInterfaceOrientationPortrait UIInterfaceOrientationPortraitUpsideDown UIInterfaceOrientationLandscapeLeft UIInterfaceOrientationLandscapeRight";
				INFOPLIST_KEY_UISupportedInterfaceOrientations_iPhone = "UIInterfaceOrientationPortrait UIInterfaceOrientationLandscapeLeft UIInterfaceOrientationLandscapeRight";
				IPHONEOS_DEPLOYMENT_TARGET = 15.6;
				LD_RUNPATH_SEARCH_PATHS = (
					"$(inherited)",
					"@executable_path/Frameworks",
				);
				MARKETING_VERSION = 1.0;
				PRODUCT_BUNDLE_IDENTIFIER = com.jas.PassportVisaPicMaker;
				PRODUCT_NAME = "$(TARGET_NAME)";
				SWIFT_EMIT_LOC_STRINGS = YES;
				SWIFT_VERSION = 5.0;
				TARGETED_DEVICE_FAMILY = "1,2";
			};
			name = Release;
		};
		AB85F5EB2CE95F0200022736 /* Debug */ = {
			isa = XCBuildConfiguration;
			buildSettings = {
				BUNDLE_LOADER = "$(TEST_HOST)";
				CODE_SIGN_STYLE = Automatic;
				CURRENT_PROJECT_VERSION = 1;
				DEVELOPMENT_TEAM = ZJ7C2RH66U;
				GENERATE_INFOPLIST_FILE = YES;
				IPHONEOS_DEPLOYMENT_TARGET = 18.1;
				MARKETING_VERSION = 1.0;
				PRODUCT_BUNDLE_IDENTIFIER = com.jas.PassportVisaPicMakerTests;
				PRODUCT_NAME = "$(TARGET_NAME)";
				SWIFT_EMIT_LOC_STRINGS = NO;
				SWIFT_VERSION = 5.0;
				TARGETED_DEVICE_FAMILY = "1,2";
				TEST_HOST = "$(BUILT_PRODUCTS_DIR)/PassportVisaPicMaker.app/$(BUNDLE_EXECUTABLE_FOLDER_PATH)/PassportVisaPicMaker";
			};
			name = Debug;
		};
		AB85F5EC2CE95F0200022736 /* Release */ = {
			isa = XCBuildConfiguration;
			buildSettings = {
				BUNDLE_LOADER = "$(TEST_HOST)";
				CODE_SIGN_STYLE = Automatic;
				CURRENT_PROJECT_VERSION = 1;
				DEVELOPMENT_TEAM = ZJ7C2RH66U;
				GENERATE_INFOPLIST_FILE = YES;
				IPHONEOS_DEPLOYMENT_TARGET = 18.1;
				MARKETING_VERSION = 1.0;
				PRODUCT_BUNDLE_IDENTIFIER = com.jas.PassportVisaPicMakerTests;
				PRODUCT_NAME = "$(TARGET_NAME)";
				SWIFT_EMIT_LOC_STRINGS = NO;
				SWIFT_VERSION = 5.0;
				TARGETED_DEVICE_FAMILY = "1,2";
				TEST_HOST = "$(BUILT_PRODUCTS_DIR)/PassportVisaPicMaker.app/$(BUNDLE_EXECUTABLE_FOLDER_PATH)/PassportVisaPicMaker";
			};
			name = Release;
		};
		AB85F5EE2CE95F0200022736 /* Debug */ = {
			isa = XCBuildConfiguration;
			buildSettings = {
				CODE_SIGN_STYLE = Automatic;
				CURRENT_PROJECT_VERSION = 1;
				DEVELOPMENT_TEAM = ZJ7C2RH66U;
				GENERATE_INFOPLIST_FILE = YES;
				MARKETING_VERSION = 1.0;
				PRODUCT_BUNDLE_IDENTIFIER = com.jas.PassportVisaPicMakerUITests;
				PRODUCT_NAME = "$(TARGET_NAME)";
				SWIFT_EMIT_LOC_STRINGS = NO;
				SWIFT_VERSION = 5.0;
				TARGETED_DEVICE_FAMILY = "1,2";
				TEST_TARGET_NAME = PassportVisaPicMaker;
			};
			name = Debug;
		};
		AB85F5EF2CE95F0200022736 /* Release */ = {
			isa = XCBuildConfiguration;
			buildSettings = {
				CODE_SIGN_STYLE = Automatic;
				CURRENT_PROJECT_VERSION = 1;
				DEVELOPMENT_TEAM = ZJ7C2RH66U;
				GENERATE_INFOPLIST_FILE = YES;
				MARKETING_VERSION = 1.0;
				PRODUCT_BUNDLE_IDENTIFIER = com.jas.PassportVisaPicMakerUITests;
				PRODUCT_NAME = "$(TARGET_NAME)";
				SWIFT_EMIT_LOC_STRINGS = NO;
				SWIFT_VERSION = 5.0;
				TARGETED_DEVICE_FAMILY = "1,2";
				TEST_TARGET_NAME = PassportVisaPicMaker;
			};
			name = Release;
		};
/* End XCBuildConfiguration section */

/* Begin XCConfigurationList section */
		AB85F5BE2CE95F0100022736 /* Build configuration list for PBXProject "PassportVisaPicMaker" */ = {
			isa = XCConfigurationList;
			buildConfigurations = (
				AB85F5E52CE95F0200022736 /* Debug */,
				AB85F5E62CE95F0200022736 /* Release */,
			);
			defaultConfigurationIsVisible = 0;
			defaultConfigurationName = Release;
		};
		AB85F5E72CE95F0200022736 /* Build configuration list for PBXNativeTarget "PassportVisaPicMaker" */ = {
			isa = XCConfigurationList;
			buildConfigurations = (
				AB85F5E82CE95F0200022736 /* Debug */,
				AB85F5E92CE95F0200022736 /* Release */,
			);
			defaultConfigurationIsVisible = 0;
			defaultConfigurationName = Release;
		};
		AB85F5EA2CE95F0200022736 /* Build configuration list for PBXNativeTarget "PassportVisaPicMakerTests" */ = {
			isa = XCConfigurationList;
			buildConfigurations = (
				AB85F5EB2CE95F0200022736 /* Debug */,
				AB85F5EC2CE95F0200022736 /* Release */,
			);
			defaultConfigurationIsVisible = 0;
			defaultConfigurationName = Release;
		};
		AB85F5ED2CE95F0200022736 /* Build configuration list for PBXNativeTarget "PassportVisaPicMakerUITests" */ = {
			isa = XCConfigurationList;
			buildConfigurations = (
				AB85F5EE2CE95F0200022736 /* Debug */,
				AB85F5EF2CE95F0200022736 /* Release */,
			);
			defaultConfigurationIsVisible = 0;
			defaultConfigurationName = Release;
		};
/* End XCConfigurationList section */
	};
	rootObject = AB85F5BB2CE95F0100022736 /* Project object */;
}
