// !$*UTF8*$!
{
	archiveVersion = 1;
	classes = {
	};
	objectVersion = 77;
	objects = {

/* Begin PBXContainerItemProxy section */
		AB0D6F732CFC1592004BAC7E /* PBXContainerItemProxy */ = {
			isa = PBXContainerItemProxy;
			containerPortal = AB0D6F5A2CFC1591004BAC7E /* Project object */;
			proxyType = 1;
			remoteGlobalIDString = AB0D6F612CFC1591004BAC7E;
			remoteInfo = brink_tumbler;
		};
		AB0D6F7D2CFC1592004BAC7E /* PBXContainerItemProxy */ = {
			isa = PBXContainerItemProxy;
			containerPortal = AB0D6F5A2CFC1591004BAC7E /* Project object */;
			proxyType = 1;
			remoteGlobalIDString = AB0D6F612CFC1591004BAC7E;
			remoteInfo = brink_tumbler;
		};
/* End PBXContainerItemProxy section */

/* Begin PBXFileReference section */
		AB0D6F622CFC1591004BAC7E /* brink_tumbler.app */ = {isa = PBXFileReference; explicitFileType = wrapper.application; includeInIndex = 0; path = brink_tumbler.app; sourceTree = BUILT_PRODUCTS_DIR; };
		AB0D6F722CFC1592004BAC7E /* brink_tumblerTests.xctest */ = {isa = PBXFileReference; explicitFileType = wrapper.cfbundle; includeInIndex = 0; path = brink_tumblerTests.xctest; sourceTree = BUILT_PRODUCTS_DIR; };
		AB0D6F7C2CFC1592004BAC7E /* brink_tumblerUITests.xctest */ = {isa = PBXFileReference; explicitFileType = wrapper.cfbundle; includeInIndex = 0; path = brink_tumblerUITests.xctest; sourceTree = BUILT_PRODUCTS_DIR; };
/* End PBXFileReference section */

/* Begin PBXFileSystemSynchronizedRootGroup section */
		AB0D6F642CFC1591004BAC7E /* brink_tumbler */ = {
			isa = PBXFileSystemSynchronizedRootGroup;
			path = brink_tumbler;
			sourceTree = "<group>";
		};
		AB0D6F752CFC1592004BAC7E /* brink_tumblerTests */ = {
			isa = PBXFileSystemSynchronizedRootGroup;
			path = brink_tumblerTests;
			sourceTree = "<group>";
		};
		AB0D6F7F2CFC1592004BAC7E /* brink_tumblerUITests */ = {
			isa = PBXFileSystemSynchronizedRootGroup;
			path = brink_tumblerUITests;
			sourceTree = "<group>";
		};
/* End PBXFileSystemSynchronizedRootGroup section */

/* Begin PBXFrameworksBuildPhase section */
		AB0D6F5F2CFC1591004BAC7E /* Frameworks */ = {
			isa = PBXFrameworksBuildPhase;
			buildActionMask = 2147483647;
			files = (
			);
			runOnlyForDeploymentPostprocessing = 0;
		};
		AB0D6F6F2CFC1592004BAC7E /* Frameworks */ = {
			isa = PBXFrameworksBuildPhase;
			buildActionMask = 2147483647;
			files = (
			);
			runOnlyForDeploymentPostprocessing = 0;
		};
		AB0D6F792CFC1592004BAC7E /* Frameworks */ = {
			isa = PBXFrameworksBuildPhase;
			buildActionMask = 2147483647;
			files = (
			);
			runOnlyForDeploymentPostprocessing = 0;
		};
/* End PBXFrameworksBuildPhase section */

/* Begin PBXGroup section */
		AB0D6F592CFC1591004BAC7E = {
			isa = PBXGroup;
			children = (
				AB0D6F642CFC1591004BAC7E /* brink_tumbler */,
				AB0D6F752CFC1592004BAC7E /* brink_tumblerTests */,
				AB0D6F7F2CFC1592004BAC7E /* brink_tumblerUITests */,
				AB0D6F632CFC1591004BAC7E /* Products */,
			);
			sourceTree = "<group>";
		};
		AB0D6F632CFC1591004BAC7E /* Products */ = {
			isa = PBXGroup;
			children = (
				AB0D6F622CFC1591004BAC7E /* brink_tumbler.app */,
				AB0D6F722CFC1592004BAC7E /* brink_tumblerTests.xctest */,
				AB0D6F7C2CFC1592004BAC7E /* brink_tumblerUITests.xctest */,
			);
			name = Products;
			sourceTree = "<group>";
		};
/* End PBXGroup section */

/* Begin PBXNativeTarget section */
		AB0D6F612CFC1591004BAC7E /* brink_tumbler */ = {
			isa = PBXNativeTarget;
			buildConfigurationList = AB0D6F862CFC1592004BAC7E /* Build configuration list for PBXNativeTarget "brink_tumbler" */;
			buildPhases = (
				AB0D6F5E2CFC1591004BAC7E /* Sources */,
				AB0D6F5F2CFC1591004BAC7E /* Frameworks */,
				AB0D6F602CFC1591004BAC7E /* Resources */,
			);
			buildRules = (
			);
			dependencies = (
			);
			fileSystemSynchronizedGroups = (
				AB0D6F642CFC1591004BAC7E /* brink_tumbler */,
			);
			name = brink_tumbler;
			packageProductDependencies = (
			);
			productName = brink_tumbler;
			productReference = AB0D6F622CFC1591004BAC7E /* brink_tumbler.app */;
			productType = "com.apple.product-type.application";
		};
		AB0D6F712CFC1592004BAC7E /* brink_tumblerTests */ = {
			isa = PBXNativeTarget;
			buildConfigurationList = AB0D6F892CFC1592004BAC7E /* Build configuration list for PBXNativeTarget "brink_tumblerTests" */;
			buildPhases = (
				AB0D6F6E2CFC1592004BAC7E /* Sources */,
				AB0D6F6F2CFC1592004BAC7E /* Frameworks */,
				AB0D6F702CFC1592004BAC7E /* Resources */,
			);
			buildRules = (
			);
			dependencies = (
				AB0D6F742CFC1592004BAC7E /* PBXTargetDependency */,
			);
			fileSystemSynchronizedGroups = (
				AB0D6F752CFC1592004BAC7E /* brink_tumblerTests */,
			);
			name = brink_tumblerTests;
			packageProductDependencies = (
			);
			productName = brink_tumblerTests;
			productReference = AB0D6F722CFC1592004BAC7E /* brink_tumblerTests.xctest */;
			productType = "com.apple.product-type.bundle.unit-test";
		};
		AB0D6F7B2CFC1592004BAC7E /* brink_tumblerUITests */ = {
			isa = PBXNativeTarget;
			buildConfigurationList = AB0D6F8C2CFC1592004BAC7E /* Build configuration list for PBXNativeTarget "brink_tumblerUITests" */;
			buildPhases = (
				AB0D6F782CFC1592004BAC7E /* Sources */,
				AB0D6F792CFC1592004BAC7E /* Frameworks */,
				AB0D6F7A2CFC1592004BAC7E /* Resources */,
			);
			buildRules = (
			);
			dependencies = (
				AB0D6F7E2CFC1592004BAC7E /* PBXTargetDependency */,
			);
			fileSystemSynchronizedGroups = (
				AB0D6F7F2CFC1592004BAC7E /* brink_tumblerUITests */,
			);
			name = brink_tumblerUITests;
			packageProductDependencies = (
			);
			productName = brink_tumblerUITests;
			productReference = AB0D6F7C2CFC1592004BAC7E /* brink_tumblerUITests.xctest */;
			productType = "com.apple.product-type.bundle.ui-testing";
		};
/* End PBXNativeTarget section */

/* Begin PBXProject section */
		AB0D6F5A2CFC1591004BAC7E /* Project object */ = {
			isa = PBXProject;
			attributes = {
				BuildIndependentTargetsInParallel = 1;
				LastSwiftUpdateCheck = 1610;
				LastUpgradeCheck = 1610;
				TargetAttributes = {
					AB0D6F612CFC1591004BAC7E = {
						CreatedOnToolsVersion = 16.1;
					};
					AB0D6F712CFC1592004BAC7E = {
						CreatedOnToolsVersion = 16.1;
						TestTargetID = AB0D6F612CFC1591004BAC7E;
					};
					AB0D6F7B2CFC1592004BAC7E = {
						CreatedOnToolsVersion = 16.1;
						TestTargetID = AB0D6F612CFC1591004BAC7E;
					};
				};
			};
			buildConfigurationList = AB0D6F5D2CFC1591004BAC7E /* Build configuration list for PBXProject "brink_tumbler" */;
			developmentRegion = en;
			hasScannedForEncodings = 0;
			knownRegions = (
				en,
				Base,
			);
			mainGroup = AB0D6F592CFC1591004BAC7E;
			minimizedProjectReferenceProxies = 1;
			preferredProjectObjectVersion = 77;
			productRefGroup = AB0D6F632CFC1591004BAC7E /* Products */;
			projectDirPath = "";
			projectRoot = "";
			targets = (
				AB0D6F612CFC1591004BAC7E /* brink_tumbler */,
				AB0D6F712CFC1592004BAC7E /* brink_tumblerTests */,
				AB0D6F7B2CFC1592004BAC7E /* brink_tumblerUITests */,
			);
		};
/* End PBXProject section */

/* Begin PBXResourcesBuildPhase section */
		AB0D6F602CFC1591004BAC7E /* Resources */ = {
			isa = PBXResourcesBuildPhase;
			buildActionMask = 2147483647;
			files = (
			);
			runOnlyForDeploymentPostprocessing = 0;
		};
		AB0D6F702CFC1592004BAC7E /* Resources */ = {
			isa = PBXResourcesBuildPhase;
			buildActionMask = 2147483647;
			files = (
			);
			runOnlyForDeploymentPostprocessing = 0;
		};
		AB0D6F7A2CFC1592004BAC7E /* Resources */ = {
			isa = PBXResourcesBuildPhase;
			buildActionMask = 2147483647;
			files = (
			);
			runOnlyForDeploymentPostprocessing = 0;
		};
/* End PBXResourcesBuildPhase section */

/* Begin PBXSourcesBuildPhase section */
		AB0D6F5E2CFC1591004BAC7E /* Sources */ = {
			isa = PBXSourcesBuildPhase;
			buildActionMask = 2147483647;
			files = (
			);
			runOnlyForDeploymentPostprocessing = 0;
		};
		AB0D6F6E2CFC1592004BAC7E /* Sources */ = {
			isa = PBXSourcesBuildPhase;
			buildActionMask = 2147483647;
			files = (
			);
			runOnlyForDeploymentPostprocessing = 0;
		};
		AB0D6F782CFC1592004BAC7E /* Sources */ = {
			isa = PBXSourcesBuildPhase;
			buildActionMask = 2147483647;
			files = (
			);
			runOnlyForDeploymentPostprocessing = 0;
		};
/* End PBXSourcesBuildPhase section */

/* Begin PBXTargetDependency section */
		AB0D6F742CFC1592004BAC7E /* PBXTargetDependency */ = {
			isa = PBXTargetDependency;
			target = AB0D6F612CFC1591004BAC7E /* brink_tumbler */;
			targetProxy = AB0D6F732CFC1592004BAC7E /* PBXContainerItemProxy */;
		};
		AB0D6F7E2CFC1592004BAC7E /* PBXTargetDependency */ = {
			isa = PBXTargetDependency;
			target = AB0D6F612CFC1591004BAC7E /* brink_tumbler */;
			targetProxy = AB0D6F7D2CFC1592004BAC7E /* PBXContainerItemProxy */;
		};
/* End PBXTargetDependency section */

/* Begin XCBuildConfiguration section */
		AB0D6F842CFC1592004BAC7E /* Debug */ = {
			isa = XCBuildConfiguration;
			buildSettings = {
				ALWAYS_SEARCH_USER_PATHS = NO;
				ASSETCATALOG_COMPILER_GENERATE_SWIFT_ASSET_SYMBOL_EXTENSIONS = YES;
				CLANG_ANALYZER_NONNULL = YES;
				CLANG_ANALYZER_NUMBER_OBJECT_CONVERSION = YES_AGGRESSIVE;
				CLANG_CXX_LANGUAGE_STANDARD = "gnu++20";
				CLANG_ENABLE_MODULES = YES;
				CLANG_ENABLE_OBJC_ARC = YES;
				CLANG_ENABLE_OBJC_WEAK = YES;
				CLANG_WARN_BLOCK_CAPTURE_AUTORELEASING = YES;
				CLANG_WARN_BOOL_CONVERSION = YES;
				CLANG_WARN_COMMA = YES;
				CLANG_WARN_CONSTANT_CONVERSION = YES;
				CLANG_WARN_DEPRECATED_OBJC_IMPLEMENTATIONS = YES;
				CLANG_WARN_DIRECT_OBJC_ISA_USAGE = YES_ERROR;
				CLANG_WARN_DOCUMENTATION_COMMENTS = YES;
				CLANG_WARN_EMPTY_BODY = YES;
				CLANG_WARN_ENUM_CONVERSION = YES;
				CLANG_WARN_INFINITE_RECURSION = YES;
				CLANG_WARN_INT_CONVERSION = YES;
				CLANG_WARN_NON_LITERAL_NULL_CONVERSION = YES;
				CLANG_WARN_OBJC_IMPLICIT_RETAIN_SELF = YES;
				CLANG_WARN_OBJC_LITERAL_CONVERSION = YES;
				CLANG_WARN_OBJC_ROOT_CLASS = YES_ERROR;
				CLANG_WARN_QUOTED_INCLUDE_IN_FRAMEWORK_HEADER = YES;
				CLANG_WARN_RANGE_LOOP_ANALYSIS = YES;
				CLANG_WARN_STRICT_PROTOTYPES = YES;
				CLANG_WARN_SUSPICIOUS_MOVE = YES;
				CLANG_WARN_UNGUARDED_AVAILABILITY = YES_AGGRESSIVE;
				CLANG_WARN_UNREACHABLE_CODE = YES;
				CLANG_WARN__DUPLICATE_METHOD_MATCH = YES;
				COPY_PHASE_STRIP = NO;
				DEBUG_INFORMATION_FORMAT = dwarf;
				ENABLE_STRICT_OBJC_MSGSEND = YES;
				ENABLE_TESTABILITY = YES;
				ENABLE_USER_SCRIPT_SANDBOXING = YES;
				GCC_C_LANGUAGE_STANDARD = gnu17;
				GCC_DYNAMIC_NO_PIC = NO;
				GCC_NO_COMMON_BLOCKS = YES;
				GCC_OPTIMIZATION_LEVEL = 0;
				GCC_PREPROCESSOR_DEFINITIONS = (
					"DEBUG=1",
					"$(inherited)",
				);
				GCC_WARN_64_TO_32_BIT_CONVERSION = YES;
				GCC_WARN_ABOUT_RETURN_TYPE = YES_ERROR;
				GCC_WARN_UNDECLARED_SELECTOR = YES;
				GCC_WARN_UNINITIALIZED_AUTOS = YES_AGGRESSIVE;
				GCC_WARN_UNUSED_FUNCTION = YES;
				GCC_WARN_UNUSED_VARIABLE = YES;
				IPHONEOS_DEPLOYMENT_TARGET = 18.1;
				LOCALIZATION_PREFERS_STRING_CATALOGS = YES;
				MTL_ENABLE_DEBUG_INFO = INCLUDE_SOURCE;
				MTL_FAST_MATH = YES;
				ONLY_ACTIVE_ARCH = YES;
				SDKROOT = iphoneos;
				SWIFT_ACTIVE_COMPILATION_CONDITIONS = "DEBUG $(inherited)";
				SWIFT_OPTIMIZATION_LEVEL = "-Onone";
			};
			name = Debug;
		};
		AB0D6F852CFC1592004BAC7E /* Release */ = {
			isa = XCBuildConfiguration;
			buildSettings = {
				ALWAYS_SEARCH_USER_PATHS = NO;
				ASSETCATALOG_COMPILER_GENERATE_SWIFT_ASSET_SYMBOL_EXTENSIONS = YES;
				CLANG_ANALYZER_NONNULL = YES;
				CLANG_ANALYZER_NUMBER_OBJECT_CONVERSION = YES_AGGRESSIVE;
				CLANG_CXX_LANGUAGE_STANDARD = "gnu++20";
				CLANG_ENABLE_MODULES = YES;
				CLANG_ENABLE_OBJC_ARC = YES;
				CLANG_ENABLE_OBJC_WEAK = YES;
				CLANG_WARN_BLOCK_CAPTURE_AUTORELEASING = YES;
				CLANG_WARN_BOOL_CONVERSION = YES;
				CLANG_WARN_COMMA = YES;
				CLANG_WARN_CONSTANT_CONVERSION = YES;
				CLANG_WARN_DEPRECATED_OBJC_IMPLEMENTATIONS = YES;
				CLANG_WARN_DIRECT_OBJC_ISA_USAGE = YES_ERROR;
				CLANG_WARN_DOCUMENTATION_COMMENTS = YES;
				CLANG_WARN_EMPTY_BODY = YES;
				CLANG_WARN_ENUM_CONVERSION = YES;
				CLANG_WARN_INFINITE_RECURSION = YES;
				CLANG_WARN_INT_CONVERSION = YES;
				CLANG_WARN_NON_LITERAL_NULL_CONVERSION = YES;
				CLANG_WARN_OBJC_IMPLICIT_RETAIN_SELF = YES;
				CLANG_WARN_OBJC_LITERAL_CONVERSION = YES;
				CLANG_WARN_OBJC_ROOT_CLASS = YES_ERROR;
				CLANG_WARN_QUOTED_INCLUDE_IN_FRAMEWORK_HEADER = YES;
				CLANG_WARN_RANGE_LOOP_ANALYSIS = YES;
				CLANG_WARN_STRICT_PROTOTYPES = YES;
				CLANG_WARN_SUSPICIOUS_MOVE = YES;
				CLANG_WARN_UNGUARDED_AVAILABILITY = YES_AGGRESSIVE;
				CLANG_WARN_UNREACHABLE_CODE = YES;
				CLANG_WARN__DUPLICATE_METHOD_MATCH = YES;
				COPY_PHASE_STRIP = NO;
				DEBUG_INFORMATION_FORMAT = "dwarf-with-dsym";
				ENABLE_NS_ASSERTIONS = NO;
				ENABLE_STRICT_OBJC_MSGSEND = YES;
				ENABLE_USER_SCRIPT_SANDBOXING = YES;
				GCC_C_LANGUAGE_STANDARD = gnu17;
				GCC_NO_COMMON_BLOCKS = YES;
				GCC_WARN_64_TO_32_BIT_CONVERSION = YES;
				GCC_WARN_ABOUT_RETURN_TYPE = YES_ERROR;
				GCC_WARN_UNDECLARED_SELECTOR = YES;
				GCC_WARN_UNINITIALIZED_AUTOS = YES_AGGRESSIVE;
				GCC_WARN_UNUSED_FUNCTION = YES;
				GCC_WARN_UNUSED_VARIABLE = YES;
				IPHONEOS_DEPLOYMENT_TARGET = 18.1;
				LOCALIZATION_PREFERS_STRING_CATALOGS = YES;
				MTL_ENABLE_DEBUG_INFO = NO;
				MTL_FAST_MATH = YES;
				SDKROOT = iphoneos;
				SWIFT_COMPILATION_MODE = wholemodule;
				VALIDATE_PRODUCT = YES;
			};
			name = Release;
		};
		AB0D6F872CFC1592004BAC7E /* Debug */ = {
			isa = XCBuildConfiguration;
			buildSettings = {
				ASSETCATALOG_COMPILER_APPICON_NAME = AppIcon;
				ASSETCATALOG_COMPILER_GLOBAL_ACCENT_COLOR_NAME = AccentColor;
				CODE_SIGN_STYLE = Automatic;
				CURRENT_PROJECT_VERSION = 1;
				DEVELOPMENT_ASSET_PATHS = "\"brink_tumbler/Preview Content\"";
				DEVELOPMENT_TEAM = ZJ7C2RH66U;
				ENABLE_PREVIEWS = YES;
				GENERATE_INFOPLIST_FILE = YES;
				INFOPLIST_KEY_UIApplicationSceneManifest_Generation = YES;
				INFOPLIST_KEY_UIApplicationSupportsIndirectInputEvents = YES;
				INFOPLIST_KEY_UILaunchScreen_Generation = YES;
				INFOPLIST_KEY_UISupportedInterfaceOrientations_iPad = "UIInterfaceOrientationPortrait UIInterfaceOrientationPortraitUpsideDown UIInterfaceOrientationLandscapeLeft UIInterfaceOrientationLandscapeRight";
				INFOPLIST_KEY_UISupportedInterfaceOrientations_iPhone = "UIInterfaceOrientationPortrait UIInterfaceOrientationLandscapeLeft UIInterfaceOrientationLandscapeRight";
				LD_RUNPATH_SEARCH_PATHS = (
					"$(inherited)",
					"@executable_path/Frameworks",
				);
				MARKETING_VERSION = 1.0;
				PRODUCT_BUNDLE_IDENTIFIER = "com.jas.brink-tumbler";
				PRODUCT_NAME = "$(TARGET_NAME)";
				SWIFT_EMIT_LOC_STRINGS = YES;
				SWIFT_VERSION = 5.0;
				TARGETED_DEVICE_FAMILY = "1,2";
			};
			name = Debug;
		};
		AB0D6F882CFC1592004BAC7E /* Release */ = {
			isa = XCBuildConfiguration;
			buildSettings = {
				ASSETCATALOG_COMPILER_APPICON_NAME = AppIcon;
				ASSETCATALOG_COMPILER_GLOBAL_ACCENT_COLOR_NAME = AccentColor;
				CODE_SIGN_STYLE = Automatic;
				CURRENT_PROJECT_VERSION = 1;
				DEVELOPMENT_ASSET_PATHS = "\"brink_tumbler/Preview Content\"";
				DEVELOPMENT_TEAM = ZJ7C2RH66U;
				ENABLE_PREVIEWS = YES;
				GENERATE_INFOPLIST_FILE = YES;
				INFOPLIST_KEY_UIApplicationSceneManifest_Generation = YES;
				INFOPLIST_KEY_UIApplicationSupportsIndirectInputEvents = YES;
				INFOPLIST_KEY_UILaunchScreen_Generation = YES;
				INFOPLIST_KEY_UISupportedInterfaceOrientations_iPad = "UIInterfaceOrientationPortrait UIInterfaceOrientationPortraitUpsideDown UIInterfaceOrientationLandscapeLeft UIInterfaceOrientationLandscapeRight";
				INFOPLIST_KEY_UISupportedInterfaceOrientations_iPhone = "UIInterfaceOrientationPortrait UIInterfaceOrientationLandscapeLeft UIInterfaceOrientationLandscapeRight";
				LD_RUNPATH_SEARCH_PATHS = (
					"$(inherited)",
					"@executable_path/Frameworks",
				);
				MARKETING_VERSION = 1.0;
				PRODUCT_BUNDLE_IDENTIFIER = "com.jas.brink-tumbler";
				PRODUCT_NAME = "$(TARGET_NAME)";
				SWIFT_EMIT_LOC_STRINGS = YES;
				SWIFT_VERSION = 5.0;
				TARGETED_DEVICE_FAMILY = "1,2";
			};
			name = Release;
		};
		AB0D6F8A2CFC1592004BAC7E /* Debug */ = {
			isa = XCBuildConfiguration;
			buildSettings = {
				BUNDLE_LOADER = "$(TEST_HOST)";
				CODE_SIGN_STYLE = Automatic;
				CURRENT_PROJECT_VERSION = 1;
				DEVELOPMENT_TEAM = ZJ7C2RH66U;
				GENERATE_INFOPLIST_FILE = YES;
				IPHONEOS_DEPLOYMENT_TARGET = 18.1;
				MARKETING_VERSION = 1.0;
				PRODUCT_BUNDLE_IDENTIFIER = "com.jas.brink-tumblerTests";
				PRODUCT_NAME = "$(TARGET_NAME)";
				SWIFT_EMIT_LOC_STRINGS = NO;
				SWIFT_VERSION = 5.0;
				TARGETED_DEVICE_FAMILY = "1,2";
				TEST_HOST = "$(BUILT_PRODUCTS_DIR)/brink_tumbler.app/$(BUNDLE_EXECUTABLE_FOLDER_PATH)/brink_tumbler";
			};
			name = Debug;
		};
		AB0D6F8B2CFC1592004BAC7E /* Release */ = {
			isa = XCBuildConfiguration;
			buildSettings = {
				BUNDLE_LOADER = "$(TEST_HOST)";
				CODE_SIGN_STYLE = Automatic;
				CURRENT_PROJECT_VERSION = 1;
				DEVELOPMENT_TEAM = ZJ7C2RH66U;
				GENERATE_INFOPLIST_FILE = YES;
				IPHONEOS_DEPLOYMENT_TARGET = 18.1;
				MARKETING_VERSION = 1.0;
				PRODUCT_BUNDLE_IDENTIFIER = "com.jas.brink-tumblerTests";
				PRODUCT_NAME = "$(TARGET_NAME)";
				SWIFT_EMIT_LOC_STRINGS = NO;
				SWIFT_VERSION = 5.0;
				TARGETED_DEVICE_FAMILY = "1,2";
				TEST_HOST = "$(BUILT_PRODUCTS_DIR)/brink_tumbler.app/$(BUNDLE_EXECUTABLE_FOLDER_PATH)/brink_tumbler";
			};
			name = Release;
		};
		AB0D6F8D2CFC1592004BAC7E /* Debug */ = {
			isa = XCBuildConfiguration;
			buildSettings = {
				CODE_SIGN_STYLE = Automatic;
				CURRENT_PROJECT_VERSION = 1;
				DEVELOPMENT_TEAM = ZJ7C2RH66U;
				GENERATE_INFOPLIST_FILE = YES;
				MARKETING_VERSION = 1.0;
				PRODUCT_BUNDLE_IDENTIFIER = "com.jas.brink-tumblerUITests";
				PRODUCT_NAME = "$(TARGET_NAME)";
				SWIFT_EMIT_LOC_STRINGS = NO;
				SWIFT_VERSION = 5.0;
				TARGETED_DEVICE_FAMILY = "1,2";
				TEST_TARGET_NAME = brink_tumbler;
			};
			name = Debug;
		};
		AB0D6F8E2CFC1592004BAC7E /* Release */ = {
			isa = XCBuildConfiguration;
			buildSettings = {
				CODE_SIGN_STYLE = Automatic;
				CURRENT_PROJECT_VERSION = 1;
				DEVELOPMENT_TEAM = ZJ7C2RH66U;
				GENERATE_INFOPLIST_FILE = YES;
				MARKETING_VERSION = 1.0;
				PRODUCT_BUNDLE_IDENTIFIER = "com.jas.brink-tumblerUITests";
				PRODUCT_NAME = "$(TARGET_NAME)";
				SWIFT_EMIT_LOC_STRINGS = NO;
				SWIFT_VERSION = 5.0;
				TARGETED_DEVICE_FAMILY = "1,2";
				TEST_TARGET_NAME = brink_tumbler;
			};
			name = Release;
		};
/* End XCBuildConfiguration section */

/* Begin XCConfigurationList section */
		AB0D6F5D2CFC1591004BAC7E /* Build configuration list for PBXProject "brink_tumbler" */ = {
			isa = XCConfigurationList;
			buildConfigurations = (
				AB0D6F842CFC1592004BAC7E /* Debug */,
				AB0D6F852CFC1592004BAC7E /* Release */,
			);
			defaultConfigurationIsVisible = 0;
			defaultConfigurationName = Release;
		};
		AB0D6F862CFC1592004BAC7E /* Build configuration list for PBXNativeTarget "brink_tumbler" */ = {
			isa = XCConfigurationList;
			buildConfigurations = (
				AB0D6F872CFC1592004BAC7E /* Debug */,
				AB0D6F882CFC1592004BAC7E /* Release */,
			);
			defaultConfigurationIsVisible = 0;
			defaultConfigurationName = Release;
		};
		AB0D6F892CFC1592004BAC7E /* Build configuration list for PBXNativeTarget "brink_tumblerTests" */ = {
			isa = XCConfigurationList;
			buildConfigurations = (
				AB0D6F8A2CFC1592004BAC7E /* Debug */,
				AB0D6F8B2CFC1592004BAC7E /* Release */,
			);
			defaultConfigurationIsVisible = 0;
			defaultConfigurationName = Release;
		};
		AB0D6F8C2CFC1592004BAC7E /* Build configuration list for PBXNativeTarget "brink_tumblerUITests" */ = {
			isa = XCConfigurationList;
			buildConfigurations = (
				AB0D6F8D2CFC1592004BAC7E /* Debug */,
				AB0D6F8E2CFC1592004BAC7E /* Release */,
			);
			defaultConfigurationIsVisible = 0;
			defaultConfigurationName = Release;
		};
/* End XCConfigurationList section */
	};
	rootObject = AB0D6F5A2CFC1591004BAC7E /* Project object */;
}
