// !$*UTF8*$!
{
	archiveVersion = 1;
	classes = {
	};
	objectVersion = 77;
	objects = {

/* Begin PBXContainerItemProxy section */
		AB0FC7042CE2C3EF0044A446 /* PBXContainerItemProxy */ = {
			isa = PBXContainerItemProxy;
			containerPortal = AB0FC6EB2CE2C3EE0044A446 /* Project object */;
			proxyType = 1;
			remoteGlobalIDString = AB0FC6F22CE2C3EE0044A446;
			remoteInfo = "Photo Formatter";
		};
		AB0FC70E2CE2C3EF0044A446 /* PBXContainerItemProxy */ = {
			isa = PBXContainerItemProxy;
			containerPortal = AB0FC6EB2CE2C3EE0044A446 /* Project object */;
			proxyType = 1;
			remoteGlobalIDString = AB0FC6F22CE2C3EE0044A446;
			remoteInfo = "Photo Formatter";
		};
/* End PBXContainerItemProxy section */

/* Begin PBXFileReference section */
		AB0FC6F32CE2C3EE0044A446 /* Photo Formatter.app */ = {isa = PBXFileReference; explicitFileType = wrapper.application; includeInIndex = 0; path = "Photo Formatter.app"; sourceTree = BUILT_PRODUCTS_DIR; };
		AB0FC7032CE2C3EF0044A446 /* Photo FormatterTests.xctest */ = {isa = PBXFileReference; explicitFileType = wrapper.cfbundle; includeInIndex = 0; path = "Photo FormatterTests.xctest"; sourceTree = BUILT_PRODUCTS_DIR; };
		AB0FC70D2CE2C3EF0044A446 /* Photo FormatterUITests.xctest */ = {isa = PBXFileReference; explicitFileType = wrapper.cfbundle; includeInIndex = 0; path = "Photo FormatterUITests.xctest"; sourceTree = BUILT_PRODUCTS_DIR; };
/* End PBXFileReference section */

/* Begin PBXFileSystemSynchronizedRootGroup section */
		AB0FC6F52CE2C3EE0044A446 /* Photo Formatter */ = {
			isa = PBXFileSystemSynchronizedRootGroup;
			path = "Photo Formatter";
			sourceTree = "<group>";
		};
		AB0FC7062CE2C3EF0044A446 /* Photo FormatterTests */ = {
			isa = PBXFileSystemSynchronizedRootGroup;
			path = "Photo FormatterTests";
			sourceTree = "<group>";
		};
		AB0FC7102CE2C3EF0044A446 /* Photo FormatterUITests */ = {
			isa = PBXFileSystemSynchronizedRootGroup;
			path = "Photo FormatterUITests";
			sourceTree = "<group>";
		};
/* End PBXFileSystemSynchronizedRootGroup section */

/* Begin PBXFrameworksBuildPhase section */
		AB0FC6F02CE2C3EE0044A446 /* Frameworks */ = {
			isa = PBXFrameworksBuildPhase;
			buildActionMask = 2147483647;
			files = (
			);
			runOnlyForDeploymentPostprocessing = 0;
		};
		AB0FC7002CE2C3EF0044A446 /* Frameworks */ = {
			isa = PBXFrameworksBuildPhase;
			buildActionMask = 2147483647;
			files = (
			);
			runOnlyForDeploymentPostprocessing = 0;
		};
		AB0FC70A2CE2C3EF0044A446 /* Frameworks */ = {
			isa = PBXFrameworksBuildPhase;
			buildActionMask = 2147483647;
			files = (
			);
			runOnlyForDeploymentPostprocessing = 0;
		};
/* End PBXFrameworksBuildPhase section */

/* Begin PBXGroup section */
		AB0FC6EA2CE2C3EE0044A446 = {
			isa = PBXGroup;
			children = (
				AB0FC6F52CE2C3EE0044A446 /* Photo Formatter */,
				AB0FC7062CE2C3EF0044A446 /* Photo FormatterTests */,
				AB0FC7102CE2C3EF0044A446 /* Photo FormatterUITests */,
				AB0FC6F42CE2C3EE0044A446 /* Products */,
			);
			sourceTree = "<group>";
		};
		AB0FC6F42CE2C3EE0044A446 /* Products */ = {
			isa = PBXGroup;
			children = (
				AB0FC6F32CE2C3EE0044A446 /* Photo Formatter.app */,
				AB0FC7032CE2C3EF0044A446 /* Photo FormatterTests.xctest */,
				AB0FC70D2CE2C3EF0044A446 /* Photo FormatterUITests.xctest */,
			);
			name = Products;
			sourceTree = "<group>";
		};
/* End PBXGroup section */

/* Begin PBXNativeTarget section */
		AB0FC6F22CE2C3EE0044A446 /* Photo Formatter */ = {
			isa = PBXNativeTarget;
			buildConfigurationList = AB0FC7172CE2C3EF0044A446 /* Build configuration list for PBXNativeTarget "Photo Formatter" */;
			buildPhases = (
				AB0FC6EF2CE2C3EE0044A446 /* Sources */,
				AB0FC6F02CE2C3EE0044A446 /* Frameworks */,
				AB0FC6F12CE2C3EE0044A446 /* Resources */,
			);
			buildRules = (
			);
			dependencies = (
			);
			fileSystemSynchronizedGroups = (
				AB0FC6F52CE2C3EE0044A446 /* Photo Formatter */,
			);
			name = "Photo Formatter";
			packageProductDependencies = (
			);
			productName = "Photo Formatter";
			productReference = AB0FC6F32CE2C3EE0044A446 /* Photo Formatter.app */;
			productType = "com.apple.product-type.application";
		};
		AB0FC7022CE2C3EF0044A446 /* Photo FormatterTests */ = {
			isa = PBXNativeTarget;
			buildConfigurationList = AB0FC71A2CE2C3EF0044A446 /* Build configuration list for PBXNativeTarget "Photo FormatterTests" */;
			buildPhases = (
				AB0FC6FF2CE2C3EF0044A446 /* Sources */,
				AB0FC7002CE2C3EF0044A446 /* Frameworks */,
				AB0FC7012CE2C3EF0044A446 /* Resources */,
			);
			buildRules = (
			);
			dependencies = (
				AB0FC7052CE2C3EF0044A446 /* PBXTargetDependency */,
			);
			fileSystemSynchronizedGroups = (
				AB0FC7062CE2C3EF0044A446 /* Photo FormatterTests */,
			);
			name = "Photo FormatterTests";
			packageProductDependencies = (
			);
			productName = "Photo FormatterTests";
			productReference = AB0FC7032CE2C3EF0044A446 /* Photo FormatterTests.xctest */;
			productType = "com.apple.product-type.bundle.unit-test";
		};
		AB0FC70C2CE2C3EF0044A446 /* Photo FormatterUITests */ = {
			isa = PBXNativeTarget;
			buildConfigurationList = AB0FC71D2CE2C3EF0044A446 /* Build configuration list for PBXNativeTarget "Photo FormatterUITests" */;
			buildPhases = (
				AB0FC7092CE2C3EF0044A446 /* Sources */,
				AB0FC70A2CE2C3EF0044A446 /* Frameworks */,
				AB0FC70B2CE2C3EF0044A446 /* Resources */,
			);
			buildRules = (
			);
			dependencies = (
				AB0FC70F2CE2C3EF0044A446 /* PBXTargetDependency */,
			);
			fileSystemSynchronizedGroups = (
				AB0FC7102CE2C3EF0044A446 /* Photo FormatterUITests */,
			);
			name = "Photo FormatterUITests";
			packageProductDependencies = (
			);
			productName = "Photo FormatterUITests";
			productReference = AB0FC70D2CE2C3EF0044A446 /* Photo FormatterUITests.xctest */;
			productType = "com.apple.product-type.bundle.ui-testing";
		};
/* End PBXNativeTarget section */

/* Begin PBXProject section */
		AB0FC6EB2CE2C3EE0044A446 /* Project object */ = {
			isa = PBXProject;
			attributes = {
				BuildIndependentTargetsInParallel = 1;
				LastSwiftUpdateCheck = 1610;
				LastUpgradeCheck = 1610;
				TargetAttributes = {
					AB0FC6F22CE2C3EE0044A446 = {
						CreatedOnToolsVersion = 16.1;
					};
					AB0FC7022CE2C3EF0044A446 = {
						CreatedOnToolsVersion = 16.1;
						TestTargetID = AB0FC6F22CE2C3EE0044A446;
					};
					AB0FC70C2CE2C3EF0044A446 = {
						CreatedOnToolsVersion = 16.1;
						TestTargetID = AB0FC6F22CE2C3EE0044A446;
					};
				};
			};
			buildConfigurationList = AB0FC6EE2CE2C3EE0044A446 /* Build configuration list for PBXProject "Photo Formatter" */;
			developmentRegion = en;
			hasScannedForEncodings = 0;
			knownRegions = (
				en,
				Base,
			);
			mainGroup = AB0FC6EA2CE2C3EE0044A446;
			minimizedProjectReferenceProxies = 1;
			preferredProjectObjectVersion = 77;
			productRefGroup = AB0FC6F42CE2C3EE0044A446 /* Products */;
			projectDirPath = "";
			projectRoot = "";
			targets = (
				AB0FC6F22CE2C3EE0044A446 /* Photo Formatter */,
				AB0FC7022CE2C3EF0044A446 /* Photo FormatterTests */,
				AB0FC70C2CE2C3EF0044A446 /* Photo FormatterUITests */,
			);
		};
/* End PBXProject section */

/* Begin PBXResourcesBuildPhase section */
		AB0FC6F12CE2C3EE0044A446 /* Resources */ = {
			isa = PBXResourcesBuildPhase;
			buildActionMask = 2147483647;
			files = (
			);
			runOnlyForDeploymentPostprocessing = 0;
		};
		AB0FC7012CE2C3EF0044A446 /* Resources */ = {
			isa = PBXResourcesBuildPhase;
			buildActionMask = 2147483647;
			files = (
			);
			runOnlyForDeploymentPostprocessing = 0;
		};
		AB0FC70B2CE2C3EF0044A446 /* Resources */ = {
			isa = PBXResourcesBuildPhase;
			buildActionMask = 2147483647;
			files = (
			);
			runOnlyForDeploymentPostprocessing = 0;
		};
/* End PBXResourcesBuildPhase section */

/* Begin PBXSourcesBuildPhase section */
		AB0FC6EF2CE2C3EE0044A446 /* Sources */ = {
			isa = PBXSourcesBuildPhase;
			buildActionMask = 2147483647;
			files = (
			);
			runOnlyForDeploymentPostprocessing = 0;
		};
		AB0FC6FF2CE2C3EF0044A446 /* Sources */ = {
			isa = PBXSourcesBuildPhase;
			buildActionMask = 2147483647;
			files = (
			);
			runOnlyForDeploymentPostprocessing = 0;
		};
		AB0FC7092CE2C3EF0044A446 /* Sources */ = {
			isa = PBXSourcesBuildPhase;
			buildActionMask = 2147483647;
			files = (
			);
			runOnlyForDeploymentPostprocessing = 0;
		};
/* End PBXSourcesBuildPhase section */

/* Begin PBXTargetDependency section */
		AB0FC7052CE2C3EF0044A446 /* PBXTargetDependency */ = {
			isa = PBXTargetDependency;
			target = AB0FC6F22CE2C3EE0044A446 /* Photo Formatter */;
			targetProxy = AB0FC7042CE2C3EF0044A446 /* PBXContainerItemProxy */;
		};
		AB0FC70F2CE2C3EF0044A446 /* PBXTargetDependency */ = {
			isa = PBXTargetDependency;
			target = AB0FC6F22CE2C3EE0044A446 /* Photo Formatter */;
			targetProxy = AB0FC70E2CE2C3EF0044A446 /* PBXContainerItemProxy */;
		};
/* End PBXTargetDependency section */

/* Begin XCBuildConfiguration section */
		AB0FC7152CE2C3EF0044A446 /* Debug */ = {
			isa = XCBuildConfiguration;
			buildSettings = {
				ALWAYS_SEARCH_USER_PATHS = NO;
				ASSETCATALOG_COMPILER_GENERATE_SWIFT_ASSET_SYMBOL_EXTENSIONS = YES;
				CLANG_ANALYZER_NONNULL = YES;
				CLANG_ANALYZER_NUMBER_OBJECT_CONVERSION = YES_AGGRESSIVE;
				CLANG_CXX_LANGUAGE_STANDARD = "gnu++20";
				CLANG_ENABLE_MODULES = YES;
				CLANG_ENABLE_OBJC_ARC = YES;
				CLANG_ENABLE_OBJC_WEAK = YES;
				CLANG_WARN_BLOCK_CAPTURE_AUTORELEASING = YES;
				CLANG_WARN_BOOL_CONVERSION = YES;
				CLANG_WARN_COMMA = YES;
				CLANG_WARN_CONSTANT_CONVERSION = YES;
				CLANG_WARN_DEPRECATED_OBJC_IMPLEMENTATIONS = YES;
				CLANG_WARN_DIRECT_OBJC_ISA_USAGE = YES_ERROR;
				CLANG_WARN_DOCUMENTATION_COMMENTS = YES;
				CLANG_WARN_EMPTY_BODY = YES;
				CLANG_WARN_ENUM_CONVERSION = YES;
				CLANG_WARN_INFINITE_RECURSION = YES;
				CLANG_WARN_INT_CONVERSION = YES;
				CLANG_WARN_NON_LITERAL_NULL_CONVERSION = YES;
				CLANG_WARN_OBJC_IMPLICIT_RETAIN_SELF = YES;
				CLANG_WARN_OBJC_LITERAL_CONVERSION = YES;
				CLANG_WARN_OBJC_ROOT_CLASS = YES_ERROR;
				CLANG_WARN_QUOTED_INCLUDE_IN_FRAMEWORK_HEADER = YES;
				CLANG_WARN_RANGE_LOOP_ANALYSIS = YES;
				CLANG_WARN_STRICT_PROTOTYPES = YES;
				CLANG_WARN_SUSPICIOUS_MOVE = YES;
				CLANG_WARN_UNGUARDED_AVAILABILITY = YES_AGGRESSIVE;
				CLANG_WARN_UNREACHABLE_CODE = YES;
				CLANG_WARN__DUPLICATE_METHOD_MATCH = YES;
				COPY_PHASE_STRIP = NO;
				DEBUG_INFORMATION_FORMAT = dwarf;
				ENABLE_STRICT_OBJC_MSGSEND = YES;
				ENABLE_TESTABILITY = YES;
				ENABLE_USER_SCRIPT_SANDBOXING = YES;
				GCC_C_LANGUAGE_STANDARD = gnu17;
				GCC_DYNAMIC_NO_PIC = NO;
				GCC_NO_COMMON_BLOCKS = YES;
				GCC_OPTIMIZATION_LEVEL = 0;
				GCC_PREPROCESSOR_DEFINITIONS = (
					"DEBUG=1",
					"$(inherited)",
				);
				GCC_WARN_64_TO_32_BIT_CONVERSION = YES;
				GCC_WARN_ABOUT_RETURN_TYPE = YES_ERROR;
				GCC_WARN_UNDECLARED_SELECTOR = YES;
				GCC_WARN_UNINITIALIZED_AUTOS = YES_AGGRESSIVE;
				GCC_WARN_UNUSED_FUNCTION = YES;
				GCC_WARN_UNUSED_VARIABLE = YES;
				IPHONEOS_DEPLOYMENT_TARGET = 18.1;
				LOCALIZATION_PREFERS_STRING_CATALOGS = YES;
				MTL_ENABLE_DEBUG_INFO = INCLUDE_SOURCE;
				MTL_FAST_MATH = YES;
				ONLY_ACTIVE_ARCH = YES;
				SDKROOT = iphoneos;
				SWIFT_ACTIVE_COMPILATION_CONDITIONS = "DEBUG $(inherited)";
				SWIFT_OPTIMIZATION_LEVEL = "-Onone";
			};
			name = Debug;
		};
		AB0FC7162CE2C3EF0044A446 /* Release */ = {
			isa = XCBuildConfiguration;
			buildSettings = {
				ALWAYS_SEARCH_USER_PATHS = NO;
				ASSETCATALOG_COMPILER_GENERATE_SWIFT_ASSET_SYMBOL_EXTENSIONS = YES;
				CLANG_ANALYZER_NONNULL = YES;
				CLANG_ANALYZER_NUMBER_OBJECT_CONVERSION = YES_AGGRESSIVE;
				CLANG_CXX_LANGUAGE_STANDARD = "gnu++20";
				CLANG_ENABLE_MODULES = YES;
				CLANG_ENABLE_OBJC_ARC = YES;
				CLANG_ENABLE_OBJC_WEAK = YES;
				CLANG_WARN_BLOCK_CAPTURE_AUTORELEASING = YES;
				CLANG_WARN_BOOL_CONVERSION = YES;
				CLANG_WARN_COMMA = YES;
				CLANG_WARN_CONSTANT_CONVERSION = YES;
				CLANG_WARN_DEPRECATED_OBJC_IMPLEMENTATIONS = YES;
				CLANG_WARN_DIRECT_OBJC_ISA_USAGE = YES_ERROR;
				CLANG_WARN_DOCUMENTATION_COMMENTS = YES;
				CLANG_WARN_EMPTY_BODY = YES;
				CLANG_WARN_ENUM_CONVERSION = YES;
				CLANG_WARN_INFINITE_RECURSION = YES;
				CLANG_WARN_INT_CONVERSION = YES;
				CLANG_WARN_NON_LITERAL_NULL_CONVERSION = YES;
				CLANG_WARN_OBJC_IMPLICIT_RETAIN_SELF = YES;
				CLANG_WARN_OBJC_LITERAL_CONVERSION = YES;
				CLANG_WARN_OBJC_ROOT_CLASS = YES_ERROR;
				CLANG_WARN_QUOTED_INCLUDE_IN_FRAMEWORK_HEADER = YES;
				CLANG_WARN_RANGE_LOOP_ANALYSIS = YES;
				CLANG_WARN_STRICT_PROTOTYPES = YES;
				CLANG_WARN_SUSPICIOUS_MOVE = YES;
				CLANG_WARN_UNGUARDED_AVAILABILITY = YES_AGGRESSIVE;
				CLANG_WARN_UNREACHABLE_CODE = YES;
				CLANG_WARN__DUPLICATE_METHOD_MATCH = YES;
				COPY_PHASE_STRIP = NO;
				DEBUG_INFORMATION_FORMAT = "dwarf-with-dsym";
				ENABLE_NS_ASSERTIONS = NO;
				ENABLE_STRICT_OBJC_MSGSEND = YES;
				ENABLE_USER_SCRIPT_SANDBOXING = YES;
				GCC_C_LANGUAGE_STANDARD = gnu17;
				GCC_NO_COMMON_BLOCKS = YES;
				GCC_WARN_64_TO_32_BIT_CONVERSION = YES;
				GCC_WARN_ABOUT_RETURN_TYPE = YES_ERROR;
				GCC_WARN_UNDECLARED_SELECTOR = YES;
				GCC_WARN_UNINITIALIZED_AUTOS = YES_AGGRESSIVE;
				GCC_WARN_UNUSED_FUNCTION = YES;
				GCC_WARN_UNUSED_VARIABLE = YES;
				IPHONEOS_DEPLOYMENT_TARGET = 18.1;
				LOCALIZATION_PREFERS_STRING_CATALOGS = YES;
				MTL_ENABLE_DEBUG_INFO = NO;
				MTL_FAST_MATH = YES;
				SDKROOT = iphoneos;
				SWIFT_COMPILATION_MODE = wholemodule;
				VALIDATE_PRODUCT = YES;
			};
			name = Release;
		};
		AB0FC7182CE2C3EF0044A446 /* Debug */ = {
			isa = XCBuildConfiguration;
			buildSettings = {
				ASSETCATALOG_COMPILER_APPICON_NAME = AppIcon;
				ASSETCATALOG_COMPILER_GLOBAL_ACCENT_COLOR_NAME = AccentColor;
				CODE_SIGN_STYLE = Automatic;
				CURRENT_PROJECT_VERSION = 1;
				DEVELOPMENT_ASSET_PATHS = "\"Photo Formatter/Preview Content\"";
				DEVELOPMENT_TEAM = ZJ7C2RH66U;
				ENABLE_PREVIEWS = YES;
				GENERATE_INFOPLIST_FILE = YES;
				INFOPLIST_KEY_UIApplicationSceneManifest_Generation = YES;
				INFOPLIST_KEY_UIApplicationSupportsIndirectInputEvents = YES;
				INFOPLIST_KEY_UILaunchScreen_Generation = YES;
				INFOPLIST_KEY_UISupportedInterfaceOrientations_iPad = "UIInterfaceOrientationPortrait UIInterfaceOrientationPortraitUpsideDown UIInterfaceOrientationLandscapeLeft UIInterfaceOrientationLandscapeRight";
				INFOPLIST_KEY_UISupportedInterfaceOrientations_iPhone = "UIInterfaceOrientationPortrait UIInterfaceOrientationLandscapeLeft UIInterfaceOrientationLandscapeRight";
				LD_RUNPATH_SEARCH_PATHS = (
					"$(inherited)",
					"@executable_path/Frameworks",
				);
				MARKETING_VERSION = 1.0;
				PRODUCT_BUNDLE_IDENTIFIER = "com.jas.Photo-Formatter";
				PRODUCT_NAME = "$(TARGET_NAME)";
				SWIFT_EMIT_LOC_STRINGS = YES;
				SWIFT_VERSION = 5.0;
				TARGETED_DEVICE_FAMILY = "1,2";
			};
			name = Debug;
		};
		AB0FC7192CE2C3EF0044A446 /* Release */ = {
			isa = XCBuildConfiguration;
			buildSettings = {
				ASSETCATALOG_COMPILER_APPICON_NAME = AppIcon;
				ASSETCATALOG_COMPILER_GLOBAL_ACCENT_COLOR_NAME = AccentColor;
				CODE_SIGN_STYLE = Automatic;
				CURRENT_PROJECT_VERSION = 1;
				DEVELOPMENT_ASSET_PATHS = "\"Photo Formatter/Preview Content\"";
				DEVELOPMENT_TEAM = ZJ7C2RH66U;
				ENABLE_PREVIEWS = YES;
				GENERATE_INFOPLIST_FILE = YES;
				INFOPLIST_KEY_UIApplicationSceneManifest_Generation = YES;
				INFOPLIST_KEY_UIApplicationSupportsIndirectInputEvents = YES;
				INFOPLIST_KEY_UILaunchScreen_Generation = YES;
				INFOPLIST_KEY_UISupportedInterfaceOrientations_iPad = "UIInterfaceOrientationPortrait UIInterfaceOrientationPortraitUpsideDown UIInterfaceOrientationLandscapeLeft UIInterfaceOrientationLandscapeRight";
				INFOPLIST_KEY_UISupportedInterfaceOrientations_iPhone = "UIInterfaceOrientationPortrait UIInterfaceOrientationLandscapeLeft UIInterfaceOrientationLandscapeRight";
				LD_RUNPATH_SEARCH_PATHS = (
					"$(inherited)",
					"@executable_path/Frameworks",
				);
				MARKETING_VERSION = 1.0;
				PRODUCT_BUNDLE_IDENTIFIER = "com.jas.Photo-Formatter";
				PRODUCT_NAME = "$(TARGET_NAME)";
				SWIFT_EMIT_LOC_STRINGS = YES;
				SWIFT_VERSION = 5.0;
				TARGETED_DEVICE_FAMILY = "1,2";
			};
			name = Release;
		};
		AB0FC71B2CE2C3EF0044A446 /* Debug */ = {
			isa = XCBuildConfiguration;
			buildSettings = {
				BUNDLE_LOADER = "$(TEST_HOST)";
				CODE_SIGN_STYLE = Automatic;
				CURRENT_PROJECT_VERSION = 1;
				DEVELOPMENT_TEAM = ZJ7C2RH66U;
				GENERATE_INFOPLIST_FILE = YES;
				IPHONEOS_DEPLOYMENT_TARGET = 18.1;
				MARKETING_VERSION = 1.0;
				PRODUCT_BUNDLE_IDENTIFIER = "com.jas.Photo-FormatterTests";
				PRODUCT_NAME = "$(TARGET_NAME)";
				SWIFT_EMIT_LOC_STRINGS = NO;
				SWIFT_VERSION = 5.0;
				TARGETED_DEVICE_FAMILY = "1,2";
				TEST_HOST = "$(BUILT_PRODUCTS_DIR)/Photo Formatter.app/$(BUNDLE_EXECUTABLE_FOLDER_PATH)/Photo Formatter";
			};
			name = Debug;
		};
		AB0FC71C2CE2C3EF0044A446 /* Release */ = {
			isa = XCBuildConfiguration;
			buildSettings = {
				BUNDLE_LOADER = "$(TEST_HOST)";
				CODE_SIGN_STYLE = Automatic;
				CURRENT_PROJECT_VERSION = 1;
				DEVELOPMENT_TEAM = ZJ7C2RH66U;
				GENERATE_INFOPLIST_FILE = YES;
				IPHONEOS_DEPLOYMENT_TARGET = 18.1;
				MARKETING_VERSION = 1.0;
				PRODUCT_BUNDLE_IDENTIFIER = "com.jas.Photo-FormatterTests";
				PRODUCT_NAME = "$(TARGET_NAME)";
				SWIFT_EMIT_LOC_STRINGS = NO;
				SWIFT_VERSION = 5.0;
				TARGETED_DEVICE_FAMILY = "1,2";
				TEST_HOST = "$(BUILT_PRODUCTS_DIR)/Photo Formatter.app/$(BUNDLE_EXECUTABLE_FOLDER_PATH)/Photo Formatter";
			};
			name = Release;
		};
		AB0FC71E2CE2C3EF0044A446 /* Debug */ = {
			isa = XCBuildConfiguration;
			buildSettings = {
				CODE_SIGN_STYLE = Automatic;
				CURRENT_PROJECT_VERSION = 1;
				DEVELOPMENT_TEAM = ZJ7C2RH66U;
				GENERATE_INFOPLIST_FILE = YES;
				MARKETING_VERSION = 1.0;
				PRODUCT_BUNDLE_IDENTIFIER = "com.jas.Photo-FormatterUITests";
				PRODUCT_NAME = "$(TARGET_NAME)";
				SWIFT_EMIT_LOC_STRINGS = NO;
				SWIFT_VERSION = 5.0;
				TARGETED_DEVICE_FAMILY = "1,2";
				TEST_TARGET_NAME = "Photo Formatter";
			};
			name = Debug;
		};
		AB0FC71F2CE2C3EF0044A446 /* Release */ = {
			isa = XCBuildConfiguration;
			buildSettings = {
				CODE_SIGN_STYLE = Automatic;
				CURRENT_PROJECT_VERSION = 1;
				DEVELOPMENT_TEAM = ZJ7C2RH66U;
				GENERATE_INFOPLIST_FILE = YES;
				MARKETING_VERSION = 1.0;
				PRODUCT_BUNDLE_IDENTIFIER = "com.jas.Photo-FormatterUITests";
				PRODUCT_NAME = "$(TARGET_NAME)";
				SWIFT_EMIT_LOC_STRINGS = NO;
				SWIFT_VERSION = 5.0;
				TARGETED_DEVICE_FAMILY = "1,2";
				TEST_TARGET_NAME = "Photo Formatter";
			};
			name = Release;
		};
/* End XCBuildConfiguration section */

/* Begin XCConfigurationList section */
		AB0FC6EE2CE2C3EE0044A446 /* Build configuration list for PBXProject "Photo Formatter" */ = {
			isa = XCConfigurationList;
			buildConfigurations = (
				AB0FC7152CE2C3EF0044A446 /* Debug */,
				AB0FC7162CE2C3EF0044A446 /* Release */,
			);
			defaultConfigurationIsVisible = 0;
			defaultConfigurationName = Release;
		};
		AB0FC7172CE2C3EF0044A446 /* Build configuration list for PBXNativeTarget "Photo Formatter" */ = {
			isa = XCConfigurationList;
			buildConfigurations = (
				AB0FC7182CE2C3EF0044A446 /* Debug */,
				AB0FC7192CE2C3EF0044A446 /* Release */,
			);
			defaultConfigurationIsVisible = 0;
			defaultConfigurationName = Release;
		};
		AB0FC71A2CE2C3EF0044A446 /* Build configuration list for PBXNativeTarget "Photo FormatterTests" */ = {
			isa = XCConfigurationList;
			buildConfigurations = (
				AB0FC71B2CE2C3EF0044A446 /* Debug */,
				AB0FC71C2CE2C3EF0044A446 /* Release */,
			);
			defaultConfigurationIsVisible = 0;
			defaultConfigurationName = Release;
		};
		AB0FC71D2CE2C3EF0044A446 /* Build configuration list for PBXNativeTarget "Photo FormatterUITests" */ = {
			isa = XCConfigurationList;
			buildConfigurations = (
				AB0FC71E2CE2C3EF0044A446 /* Debug */,
				AB0FC71F2CE2C3EF0044A446 /* Release */,
			);
			defaultConfigurationIsVisible = 0;
			defaultConfigurationName = Release;
		};
/* End XCConfigurationList section */
	};
	rootObject = AB0FC6EB2CE2C3EE0044A446 /* Project object */;
}
