// !$*UTF8*$!
{
	archiveVersion = 1;
	classes = {
	};
	objectVersion = 77;
	objects = {

/* Begin PBXContainerItemProxy section */
		AB85F60A2CE9E8DF00022736 /* PBXContainerItemProxy */ = {
			isa = PBXContainerItemProxy;
			containerPortal = AB85F5F12CE9E8DE00022736 /* Project object */;
			proxyType = 1;
			remoteGlobalIDString = AB85F5F82CE9E8DE00022736;
			remoteInfo = MatchTheCards;
		};
		AB85F6142CE9E8DF00022736 /* PBXContainerItemProxy */ = {
			isa = PBXContainerItemProxy;
			containerPortal = AB85F5F12CE9E8DE00022736 /* Project object */;
			proxyType = 1;
			remoteGlobalIDString = AB85F5F82CE9E8DE00022736;
			remoteInfo = MatchTheCards;
		};
/* End PBXContainerItemProxy section */

/* Begin PBXFileReference section */
		AB85F5F92CE9E8DE00022736 /* MatchTheCards.app */ = {isa = PBXFileReference; explicitFileType = wrapper.application; includeInIndex = 0; path = MatchTheCards.app; sourceTree = BUILT_PRODUCTS_DIR; };
		AB85F6092CE9E8DF00022736 /* MatchTheCardsTests.xctest */ = {isa = PBXFileReference; explicitFileType = wrapper.cfbundle; includeInIndex = 0; path = MatchTheCardsTests.xctest; sourceTree = BUILT_PRODUCTS_DIR; };
		AB85F6132CE9E8DF00022736 /* MatchTheCardsUITests.xctest */ = {isa = PBXFileReference; explicitFileType = wrapper.cfbundle; includeInIndex = 0; path = MatchTheCardsUITests.xctest; sourceTree = BUILT_PRODUCTS_DIR; };
/* End PBXFileReference section */

/* Begin PBXFileSystemSynchronizedRootGroup section */
		AB85F5FB2CE9E8DE00022736 /* MatchTheCards */ = {
			isa = PBXFileSystemSynchronizedRootGroup;
			path = MatchTheCards;
			sourceTree = "<group>";
		};
		AB85F60C2CE9E8DF00022736 /* MatchTheCardsTests */ = {
			isa = PBXFileSystemSynchronizedRootGroup;
			path = MatchTheCardsTests;
			sourceTree = "<group>";
		};
		AB85F6162CE9E8DF00022736 /* MatchTheCardsUITests */ = {
			isa = PBXFileSystemSynchronizedRootGroup;
			path = MatchTheCardsUITests;
			sourceTree = "<group>";
		};
/* End PBXFileSystemSynchronizedRootGroup section */

/* Begin PBXFrameworksBuildPhase section */
		AB85F5F62CE9E8DE00022736 /* Frameworks */ = {
			isa = PBXFrameworksBuildPhase;
			buildActionMask = 2147483647;
			files = (
			);
			runOnlyForDeploymentPostprocessing = 0;
		};
		AB85F6062CE9E8DF00022736 /* Frameworks */ = {
			isa = PBXFrameworksBuildPhase;
			buildActionMask = 2147483647;
			files = (
			);
			runOnlyForDeploymentPostprocessing = 0;
		};
		AB85F6102CE9E8DF00022736 /* Frameworks */ = {
			isa = PBXFrameworksBuildPhase;
			buildActionMask = 2147483647;
			files = (
			);
			runOnlyForDeploymentPostprocessing = 0;
		};
/* End PBXFrameworksBuildPhase section */

/* Begin PBXGroup section */
		AB85F5F02CE9E8DE00022736 = {
			isa = PBXGroup;
			children = (
				AB85F5FB2CE9E8DE00022736 /* MatchTheCards */,
				AB85F60C2CE9E8DF00022736 /* MatchTheCardsTests */,
				AB85F6162CE9E8DF00022736 /* MatchTheCardsUITests */,
				AB85F5FA2CE9E8DE00022736 /* Products */,
			);
			sourceTree = "<group>";
		};
		AB85F5FA2CE9E8DE00022736 /* Products */ = {
			isa = PBXGroup;
			children = (
				AB85F5F92CE9E8DE00022736 /* MatchTheCards.app */,
				AB85F6092CE9E8DF00022736 /* MatchTheCardsTests.xctest */,
				AB85F6132CE9E8DF00022736 /* MatchTheCardsUITests.xctest */,
			);
			name = Products;
			sourceTree = "<group>";
		};
/* End PBXGroup section */

/* Begin PBXNativeTarget section */
		AB85F5F82CE9E8DE00022736 /* MatchTheCards */ = {
			isa = PBXNativeTarget;
			buildConfigurationList = AB85F61D2CE9E8DF00022736 /* Build configuration list for PBXNativeTarget "MatchTheCards" */;
			buildPhases = (
				AB85F5F52CE9E8DE00022736 /* Sources */,
				AB85F5F62CE9E8DE00022736 /* Frameworks */,
				AB85F5F72CE9E8DE00022736 /* Resources */,
			);
			buildRules = (
			);
			dependencies = (
			);
			fileSystemSynchronizedGroups = (
				AB85F5FB2CE9E8DE00022736 /* MatchTheCards */,
			);
			name = MatchTheCards;
			packageProductDependencies = (
			);
			productName = MatchTheCards;
			productReference = AB85F5F92CE9E8DE00022736 /* MatchTheCards.app */;
			productType = "com.apple.product-type.application";
		};
		AB85F6082CE9E8DF00022736 /* MatchTheCardsTests */ = {
			isa = PBXNativeTarget;
			buildConfigurationList = AB85F6202CE9E8DF00022736 /* Build configuration list for PBXNativeTarget "MatchTheCardsTests" */;
			buildPhases = (
				AB85F6052CE9E8DF00022736 /* Sources */,
				AB85F6062CE9E8DF00022736 /* Frameworks */,
				AB85F6072CE9E8DF00022736 /* Resources */,
			);
			buildRules = (
			);
			dependencies = (
				AB85F60B2CE9E8DF00022736 /* PBXTargetDependency */,
			);
			fileSystemSynchronizedGroups = (
				AB85F60C2CE9E8DF00022736 /* MatchTheCardsTests */,
			);
			name = MatchTheCardsTests;
			packageProductDependencies = (
			);
			productName = MatchTheCardsTests;
			productReference = AB85F6092CE9E8DF00022736 /* MatchTheCardsTests.xctest */;
			productType = "com.apple.product-type.bundle.unit-test";
		};
		AB85F6122CE9E8DF00022736 /* MatchTheCardsUITests */ = {
			isa = PBXNativeTarget;
			buildConfigurationList = AB85F6232CE9E8DF00022736 /* Build configuration list for PBXNativeTarget "MatchTheCardsUITests" */;
			buildPhases = (
				AB85F60F2CE9E8DF00022736 /* Sources */,
				AB85F6102CE9E8DF00022736 /* Frameworks */,
				AB85F6112CE9E8DF00022736 /* Resources */,
			);
			buildRules = (
			);
			dependencies = (
				AB85F6152CE9E8DF00022736 /* PBXTargetDependency */,
			);
			fileSystemSynchronizedGroups = (
				AB85F6162CE9E8DF00022736 /* MatchTheCardsUITests */,
			);
			name = MatchTheCardsUITests;
			packageProductDependencies = (
			);
			productName = MatchTheCardsUITests;
			productReference = AB85F6132CE9E8DF00022736 /* MatchTheCardsUITests.xctest */;
			productType = "com.apple.product-type.bundle.ui-testing";
		};
/* End PBXNativeTarget section */

/* Begin PBXProject section */
		AB85F5F12CE9E8DE00022736 /* Project object */ = {
			isa = PBXProject;
			attributes = {
				BuildIndependentTargetsInParallel = 1;
				LastSwiftUpdateCheck = 1610;
				LastUpgradeCheck = 1610;
				TargetAttributes = {
					AB85F5F82CE9E8DE00022736 = {
						CreatedOnToolsVersion = 16.1;
					};
					AB85F6082CE9E8DF00022736 = {
						CreatedOnToolsVersion = 16.1;
						TestTargetID = AB85F5F82CE9E8DE00022736;
					};
					AB85F6122CE9E8DF00022736 = {
						CreatedOnToolsVersion = 16.1;
						TestTargetID = AB85F5F82CE9E8DE00022736;
					};
				};
			};
			buildConfigurationList = AB85F5F42CE9E8DE00022736 /* Build configuration list for PBXProject "MatchTheCards" */;
			developmentRegion = en;
			hasScannedForEncodings = 0;
			knownRegions = (
				en,
				Base,
			);
			mainGroup = AB85F5F02CE9E8DE00022736;
			minimizedProjectReferenceProxies = 1;
			preferredProjectObjectVersion = 77;
			productRefGroup = AB85F5FA2CE9E8DE00022736 /* Products */;
			projectDirPath = "";
			projectRoot = "";
			targets = (
				AB85F5F82CE9E8DE00022736 /* MatchTheCards */,
				AB85F6082CE9E8DF00022736 /* MatchTheCardsTests */,
				AB85F6122CE9E8DF00022736 /* MatchTheCardsUITests */,
			);
		};
/* End PBXProject section */

/* Begin PBXResourcesBuildPhase section */
		AB85F5F72CE9E8DE00022736 /* Resources */ = {
			isa = PBXResourcesBuildPhase;
			buildActionMask = 2147483647;
			files = (
			);
			runOnlyForDeploymentPostprocessing = 0;
		};
		AB85F6072CE9E8DF00022736 /* Resources */ = {
			isa = PBXResourcesBuildPhase;
			buildActionMask = 2147483647;
			files = (
			);
			runOnlyForDeploymentPostprocessing = 0;
		};
		AB85F6112CE9E8DF00022736 /* Resources */ = {
			isa = PBXResourcesBuildPhase;
			buildActionMask = 2147483647;
			files = (
			);
			runOnlyForDeploymentPostprocessing = 0;
		};
/* End PBXResourcesBuildPhase section */

/* Begin PBXSourcesBuildPhase section */
		AB85F5F52CE9E8DE00022736 /* Sources */ = {
			isa = PBXSourcesBuildPhase;
			buildActionMask = 2147483647;
			files = (
			);
			runOnlyForDeploymentPostprocessing = 0;
		};
		AB85F6052CE9E8DF00022736 /* Sources */ = {
			isa = PBXSourcesBuildPhase;
			buildActionMask = 2147483647;
			files = (
			);
			runOnlyForDeploymentPostprocessing = 0;
		};
		AB85F60F2CE9E8DF00022736 /* Sources */ = {
			isa = PBXSourcesBuildPhase;
			buildActionMask = 2147483647;
			files = (
			);
			runOnlyForDeploymentPostprocessing = 0;
		};
/* End PBXSourcesBuildPhase section */

/* Begin PBXTargetDependency section */
		AB85F60B2CE9E8DF00022736 /* PBXTargetDependency */ = {
			isa = PBXTargetDependency;
			target = AB85F5F82CE9E8DE00022736 /* MatchTheCards */;
			targetProxy = AB85F60A2CE9E8DF00022736 /* PBXContainerItemProxy */;
		};
		AB85F6152CE9E8DF00022736 /* PBXTargetDependency */ = {
			isa = PBXTargetDependency;
			target = AB85F5F82CE9E8DE00022736 /* MatchTheCards */;
			targetProxy = AB85F6142CE9E8DF00022736 /* PBXContainerItemProxy */;
		};
/* End PBXTargetDependency section */

/* Begin XCBuildConfiguration section */
		AB85F61B2CE9E8DF00022736 /* Debug */ = {
			isa = XCBuildConfiguration;
			buildSettings = {
				ALWAYS_SEARCH_USER_PATHS = NO;
				ASSETCATALOG_COMPILER_GENERATE_SWIFT_ASSET_SYMBOL_EXTENSIONS = YES;
				CLANG_ANALYZER_NONNULL = YES;
				CLANG_ANALYZER_NUMBER_OBJECT_CONVERSION = YES_AGGRESSIVE;
				CLANG_CXX_LANGUAGE_STANDARD = "gnu++20";
				CLANG_ENABLE_MODULES = YES;
				CLANG_ENABLE_OBJC_ARC = YES;
				CLANG_ENABLE_OBJC_WEAK = YES;
				CLANG_WARN_BLOCK_CAPTURE_AUTORELEASING = YES;
				CLANG_WARN_BOOL_CONVERSION = YES;
				CLANG_WARN_COMMA = YES;
				CLANG_WARN_CONSTANT_CONVERSION = YES;
				CLANG_WARN_DEPRECATED_OBJC_IMPLEMENTATIONS = YES;
				CLANG_WARN_DIRECT_OBJC_ISA_USAGE = YES_ERROR;
				CLANG_WARN_DOCUMENTATION_COMMENTS = YES;
				CLANG_WARN_EMPTY_BODY = YES;
				CLANG_WARN_ENUM_CONVERSION = YES;
				CLANG_WARN_INFINITE_RECURSION = YES;
				CLANG_WARN_INT_CONVERSION = YES;
				CLANG_WARN_NON_LITERAL_NULL_CONVERSION = YES;
				CLANG_WARN_OBJC_IMPLICIT_RETAIN_SELF = YES;
				CLANG_WARN_OBJC_LITERAL_CONVERSION = YES;
				CLANG_WARN_OBJC_ROOT_CLASS = YES_ERROR;
				CLANG_WARN_QUOTED_INCLUDE_IN_FRAMEWORK_HEADER = YES;
				CLANG_WARN_RANGE_LOOP_ANALYSIS = YES;
				CLANG_WARN_STRICT_PROTOTYPES = YES;
				CLANG_WARN_SUSPICIOUS_MOVE = YES;
				CLANG_WARN_UNGUARDED_AVAILABILITY = YES_AGGRESSIVE;
				CLANG_WARN_UNREACHABLE_CODE = YES;
				CLANG_WARN__DUPLICATE_METHOD_MATCH = YES;
				COPY_PHASE_STRIP = NO;
				DEBUG_INFORMATION_FORMAT = dwarf;
				ENABLE_STRICT_OBJC_MSGSEND = YES;
				ENABLE_TESTABILITY = YES;
				ENABLE_USER_SCRIPT_SANDBOXING = YES;
				GCC_C_LANGUAGE_STANDARD = gnu17;
				GCC_DYNAMIC_NO_PIC = NO;
				GCC_NO_COMMON_BLOCKS = YES;
				GCC_OPTIMIZATION_LEVEL = 0;
				GCC_PREPROCESSOR_DEFINITIONS = (
					"DEBUG=1",
					"$(inherited)",
				);
				GCC_WARN_64_TO_32_BIT_CONVERSION = YES;
				GCC_WARN_ABOUT_RETURN_TYPE = YES_ERROR;
				GCC_WARN_UNDECLARED_SELECTOR = YES;
				GCC_WARN_UNINITIALIZED_AUTOS = YES_AGGRESSIVE;
				GCC_WARN_UNUSED_FUNCTION = YES;
				GCC_WARN_UNUSED_VARIABLE = YES;
				IPHONEOS_DEPLOYMENT_TARGET = 18.1;
				LOCALIZATION_PREFERS_STRING_CATALOGS = YES;
				MTL_ENABLE_DEBUG_INFO = INCLUDE_SOURCE;
				MTL_FAST_MATH = YES;
				ONLY_ACTIVE_ARCH = YES;
				SDKROOT = iphoneos;
				SWIFT_ACTIVE_COMPILATION_CONDITIONS = "DEBUG $(inherited)";
				SWIFT_OPTIMIZATION_LEVEL = "-Onone";
			};
			name = Debug;
		};
		AB85F61C2CE9E8DF00022736 /* Release */ = {
			isa = XCBuildConfiguration;
			buildSettings = {
				ALWAYS_SEARCH_USER_PATHS = NO;
				ASSETCATALOG_COMPILER_GENERATE_SWIFT_ASSET_SYMBOL_EXTENSIONS = YES;
				CLANG_ANALYZER_NONNULL = YES;
				CLANG_ANALYZER_NUMBER_OBJECT_CONVERSION = YES_AGGRESSIVE;
				CLANG_CXX_LANGUAGE_STANDARD = "gnu++20";
				CLANG_ENABLE_MODULES = YES;
				CLANG_ENABLE_OBJC_ARC = YES;
				CLANG_ENABLE_OBJC_WEAK = YES;
				CLANG_WARN_BLOCK_CAPTURE_AUTORELEASING = YES;
				CLANG_WARN_BOOL_CONVERSION = YES;
				CLANG_WARN_COMMA = YES;
				CLANG_WARN_CONSTANT_CONVERSION = YES;
				CLANG_WARN_DEPRECATED_OBJC_IMPLEMENTATIONS = YES;
				CLANG_WARN_DIRECT_OBJC_ISA_USAGE = YES_ERROR;
				CLANG_WARN_DOCUMENTATION_COMMENTS = YES;
				CLANG_WARN_EMPTY_BODY = YES;
				CLANG_WARN_ENUM_CONVERSION = YES;
				CLANG_WARN_INFINITE_RECURSION = YES;
				CLANG_WARN_INT_CONVERSION = YES;
				CLANG_WARN_NON_LITERAL_NULL_CONVERSION = YES;
				CLANG_WARN_OBJC_IMPLICIT_RETAIN_SELF = YES;
				CLANG_WARN_OBJC_LITERAL_CONVERSION = YES;
				CLANG_WARN_OBJC_ROOT_CLASS = YES_ERROR;
				CLANG_WARN_QUOTED_INCLUDE_IN_FRAMEWORK_HEADER = YES;
				CLANG_WARN_RANGE_LOOP_ANALYSIS = YES;
				CLANG_WARN_STRICT_PROTOTYPES = YES;
				CLANG_WARN_SUSPICIOUS_MOVE = YES;
				CLANG_WARN_UNGUARDED_AVAILABILITY = YES_AGGRESSIVE;
				CLANG_WARN_UNREACHABLE_CODE = YES;
				CLANG_WARN__DUPLICATE_METHOD_MATCH = YES;
				COPY_PHASE_STRIP = NO;
				DEBUG_INFORMATION_FORMAT = "dwarf-with-dsym";
				ENABLE_NS_ASSERTIONS = NO;
				ENABLE_STRICT_OBJC_MSGSEND = YES;
				ENABLE_USER_SCRIPT_SANDBOXING = YES;
				GCC_C_LANGUAGE_STANDARD = gnu17;
				GCC_NO_COMMON_BLOCKS = YES;
				GCC_WARN_64_TO_32_BIT_CONVERSION = YES;
				GCC_WARN_ABOUT_RETURN_TYPE = YES_ERROR;
				GCC_WARN_UNDECLARED_SELECTOR = YES;
				GCC_WARN_UNINITIALIZED_AUTOS = YES_AGGRESSIVE;
				GCC_WARN_UNUSED_FUNCTION = YES;
				GCC_WARN_UNUSED_VARIABLE = YES;
				IPHONEOS_DEPLOYMENT_TARGET = 18.1;
				LOCALIZATION_PREFERS_STRING_CATALOGS = YES;
				MTL_ENABLE_DEBUG_INFO = NO;
				MTL_FAST_MATH = YES;
				SDKROOT = iphoneos;
				SWIFT_COMPILATION_MODE = wholemodule;
				VALIDATE_PRODUCT = YES;
			};
			name = Release;
		};
		AB85F61E2CE9E8DF00022736 /* Debug */ = {
			isa = XCBuildConfiguration;
			buildSettings = {
				ASSETCATALOG_COMPILER_APPICON_NAME = AppIcon;
				ASSETCATALOG_COMPILER_GLOBAL_ACCENT_COLOR_NAME = AccentColor;
				CODE_SIGN_STYLE = Automatic;
				CURRENT_PROJECT_VERSION = 1;
				DEVELOPMENT_ASSET_PATHS = "\"MatchTheCards/Preview Content\"";
				DEVELOPMENT_TEAM = ZJ7C2RH66U;
				ENABLE_PREVIEWS = YES;
				GENERATE_INFOPLIST_FILE = YES;
				INFOPLIST_KEY_UIApplicationSceneManifest_Generation = YES;
				INFOPLIST_KEY_UIApplicationSupportsIndirectInputEvents = YES;
				INFOPLIST_KEY_UILaunchScreen_Generation = YES;
				INFOPLIST_KEY_UISupportedInterfaceOrientations_iPad = "UIInterfaceOrientationPortrait UIInterfaceOrientationPortraitUpsideDown UIInterfaceOrientationLandscapeLeft UIInterfaceOrientationLandscapeRight";
				INFOPLIST_KEY_UISupportedInterfaceOrientations_iPhone = "UIInterfaceOrientationPortrait UIInterfaceOrientationLandscapeLeft UIInterfaceOrientationLandscapeRight";
				LD_RUNPATH_SEARCH_PATHS = (
					"$(inherited)",
					"@executable_path/Frameworks",
				);
				MARKETING_VERSION = 1.0;
				PRODUCT_BUNDLE_IDENTIFIER = com.jas.MatchTheCards;
				PRODUCT_NAME = "$(TARGET_NAME)";
				SWIFT_EMIT_LOC_STRINGS = YES;
				SWIFT_VERSION = 5.0;
				TARGETED_DEVICE_FAMILY = "1,2";
			};
			name = Debug;
		};
		AB85F61F2CE9E8DF00022736 /* Release */ = {
			isa = XCBuildConfiguration;
			buildSettings = {
				ASSETCATALOG_COMPILER_APPICON_NAME = AppIcon;
				ASSETCATALOG_COMPILER_GLOBAL_ACCENT_COLOR_NAME = AccentColor;
				CODE_SIGN_STYLE = Automatic;
				CURRENT_PROJECT_VERSION = 1;
				DEVELOPMENT_ASSET_PATHS = "\"MatchTheCards/Preview Content\"";
				DEVELOPMENT_TEAM = ZJ7C2RH66U;
				ENABLE_PREVIEWS = YES;
				GENERATE_INFOPLIST_FILE = YES;
				INFOPLIST_KEY_UIApplicationSceneManifest_Generation = YES;
				INFOPLIST_KEY_UIApplicationSupportsIndirectInputEvents = YES;
				INFOPLIST_KEY_UILaunchScreen_Generation = YES;
				INFOPLIST_KEY_UISupportedInterfaceOrientations_iPad = "UIInterfaceOrientationPortrait UIInterfaceOrientationPortraitUpsideDown UIInterfaceOrientationLandscapeLeft UIInterfaceOrientationLandscapeRight";
				INFOPLIST_KEY_UISupportedInterfaceOrientations_iPhone = "UIInterfaceOrientationPortrait UIInterfaceOrientationLandscapeLeft UIInterfaceOrientationLandscapeRight";
				LD_RUNPATH_SEARCH_PATHS = (
					"$(inherited)",
					"@executable_path/Frameworks",
				);
				MARKETING_VERSION = 1.0;
				PRODUCT_BUNDLE_IDENTIFIER = com.jas.MatchTheCards;
				PRODUCT_NAME = "$(TARGET_NAME)";
				SWIFT_EMIT_LOC_STRINGS = YES;
				SWIFT_VERSION = 5.0;
				TARGETED_DEVICE_FAMILY = "1,2";
			};
			name = Release;
		};
		AB85F6212CE9E8DF00022736 /* Debug */ = {
			isa = XCBuildConfiguration;
			buildSettings = {
				BUNDLE_LOADER = "$(TEST_HOST)";
				CODE_SIGN_STYLE = Automatic;
				CURRENT_PROJECT_VERSION = 1;
				DEVELOPMENT_TEAM = ZJ7C2RH66U;
				GENERATE_INFOPLIST_FILE = YES;
				IPHONEOS_DEPLOYMENT_TARGET = 18.1;
				MARKETING_VERSION = 1.0;
				PRODUCT_BUNDLE_IDENTIFIER = com.jas.MatchTheCardsTests;
				PRODUCT_NAME = "$(TARGET_NAME)";
				SWIFT_EMIT_LOC_STRINGS = NO;
				SWIFT_VERSION = 5.0;
				TARGETED_DEVICE_FAMILY = "1,2";
				TEST_HOST = "$(BUILT_PRODUCTS_DIR)/MatchTheCards.app/$(BUNDLE_EXECUTABLE_FOLDER_PATH)/MatchTheCards";
			};
			name = Debug;
		};
		AB85F6222CE9E8DF00022736 /* Release */ = {
			isa = XCBuildConfiguration;
			buildSettings = {
				BUNDLE_LOADER = "$(TEST_HOST)";
				CODE_SIGN_STYLE = Automatic;
				CURRENT_PROJECT_VERSION = 1;
				DEVELOPMENT_TEAM = ZJ7C2RH66U;
				GENERATE_INFOPLIST_FILE = YES;
				IPHONEOS_DEPLOYMENT_TARGET = 18.1;
				MARKETING_VERSION = 1.0;
				PRODUCT_BUNDLE_IDENTIFIER = com.jas.MatchTheCardsTests;
				PRODUCT_NAME = "$(TARGET_NAME)";
				SWIFT_EMIT_LOC_STRINGS = NO;
				SWIFT_VERSION = 5.0;
				TARGETED_DEVICE_FAMILY = "1,2";
				TEST_HOST = "$(BUILT_PRODUCTS_DIR)/MatchTheCards.app/$(BUNDLE_EXECUTABLE_FOLDER_PATH)/MatchTheCards";
			};
			name = Release;
		};
		AB85F6242CE9E8DF00022736 /* Debug */ = {
			isa = XCBuildConfiguration;
			buildSettings = {
				CODE_SIGN_STYLE = Automatic;
				CURRENT_PROJECT_VERSION = 1;
				DEVELOPMENT_TEAM = ZJ7C2RH66U;
				GENERATE_INFOPLIST_FILE = YES;
				MARKETING_VERSION = 1.0;
				PRODUCT_BUNDLE_IDENTIFIER = com.jas.MatchTheCardsUITests;
				PRODUCT_NAME = "$(TARGET_NAME)";
				SWIFT_EMIT_LOC_STRINGS = NO;
				SWIFT_VERSION = 5.0;
				TARGETED_DEVICE_FAMILY = "1,2";
				TEST_TARGET_NAME = MatchTheCards;
			};
			name = Debug;
		};
		AB85F6252CE9E8DF00022736 /* Release */ = {
			isa = XCBuildConfiguration;
			buildSettings = {
				CODE_SIGN_STYLE = Automatic;
				CURRENT_PROJECT_VERSION = 1;
				DEVELOPMENT_TEAM = ZJ7C2RH66U;
				GENERATE_INFOPLIST_FILE = YES;
				MARKETING_VERSION = 1.0;
				PRODUCT_BUNDLE_IDENTIFIER = com.jas.MatchTheCardsUITests;
				PRODUCT_NAME = "$(TARGET_NAME)";
				SWIFT_EMIT_LOC_STRINGS = NO;
				SWIFT_VERSION = 5.0;
				TARGETED_DEVICE_FAMILY = "1,2";
				TEST_TARGET_NAME = MatchTheCards;
			};
			name = Release;
		};
/* End XCBuildConfiguration section */

/* Begin XCConfigurationList section */
		AB85F5F42CE9E8DE00022736 /* Build configuration list for PBXProject "MatchTheCards" */ = {
			isa = XCConfigurationList;
			buildConfigurations = (
				AB85F61B2CE9E8DF00022736 /* Debug */,
				AB85F61C2CE9E8DF00022736 /* Release */,
			);
			defaultConfigurationIsVisible = 0;
			defaultConfigurationName = Release;
		};
		AB85F61D2CE9E8DF00022736 /* Build configuration list for PBXNativeTarget "MatchTheCards" */ = {
			isa = XCConfigurationList;
			buildConfigurations = (
				AB85F61E2CE9E8DF00022736 /* Debug */,
				AB85F61F2CE9E8DF00022736 /* Release */,
			);
			defaultConfigurationIsVisible = 0;
			defaultConfigurationName = Release;
		};
		AB85F6202CE9E8DF00022736 /* Build configuration list for PBXNativeTarget "MatchTheCardsTests" */ = {
			isa = XCConfigurationList;
			buildConfigurations = (
				AB85F6212CE9E8DF00022736 /* Debug */,
				AB85F6222CE9E8DF00022736 /* Release */,
			);
			defaultConfigurationIsVisible = 0;
			defaultConfigurationName = Release;
		};
		AB85F6232CE9E8DF00022736 /* Build configuration list for PBXNativeTarget "MatchTheCardsUITests" */ = {
			isa = XCConfigurationList;
			buildConfigurations = (
				AB85F6242CE9E8DF00022736 /* Debug */,
				AB85F6252CE9E8DF00022736 /* Release */,
			);
			defaultConfigurationIsVisible = 0;
			defaultConfigurationName = Release;
		};
/* End XCConfigurationList section */
	};
	rootObject = AB85F5F12CE9E8DE00022736 /* Project object */;
}
